// !$*UTF8*$!
{
	archiveVersion = 1;
	classes = {
	};
	objectVersion = 55;
	objects = {

/* Begin PBXBuildFile section */
		7DDEE4B3271AD94E00892378 /* main.swift in Sources */ = {isa = PBXBuildFile; fileRef = 7DDEE4B2271AD94E00892378 /* main.swift */; };
		7DDEE4BB27218DE600892378 /* Lexer.swift in Sources */ = {isa = PBXBuildFile; fileRef = 7DDEE4BA27218DE600892378 /* Lexer.swift */; };
		7DDEE4C027218EF800892378 /* Evaluator.swift in Sources */ = {isa = PBXBuildFile; fileRef = 7DDEE4BF27218EF800892378 /* Evaluator.swift */; };
		7DDEE4C427218FD500892378 /* SyntaxKind.swift in Sources */ = {isa = PBXBuildFile; fileRef = 7DDEE4C327218FD500892378 /* SyntaxKind.swift */; };
		7DDEE4C62721901F00892378 /* Parser.swift in Sources */ = {isa = PBXBuildFile; fileRef = 7DDEE4C52721901F00892378 /* Parser.swift */; };
		7DDEE4C82721905F00892378 /* SyntaxToken.swift in Sources */ = {isa = PBXBuildFile; fileRef = 7DDEE4C72721905F00892378 /* SyntaxToken.swift */; };
		7DDEE4CA272190B600892378 /* SyntaxTree.swift in Sources */ = {isa = PBXBuildFile; fileRef = 7DDEE4C9272190B600892378 /* SyntaxTree.swift */; };
		7DDEE4CD2721914100892378 /* SyntaxNode.swift in Sources */ = {isa = PBXBuildFile; fileRef = 7DDEE4CC2721914100892378 /* SyntaxNode.swift */; };
		7DDEE4D02721918000892378 /* ExpressionSyntax.swift in Sources */ = {isa = PBXBuildFile; fileRef = 7DDEE4CF2721918000892378 /* ExpressionSyntax.swift */; };
		7DDEE4D2272191C000892378 /* LiteralExpressionSyntax.swift in Sources */ = {isa = PBXBuildFile; fileRef = 7DDEE4D1272191C000892378 /* LiteralExpressionSyntax.swift */; };
		7DDEE4D4272191FB00892378 /* BinaryExpressionSyntax.swift in Sources */ = {isa = PBXBuildFile; fileRef = 7DDEE4D3272191FB00892378 /* BinaryExpressionSyntax.swift */; };
		7DDEE4D62721921F00892378 /* ParenthesizedExpressionSyntax.swift in Sources */ = {isa = PBXBuildFile; fileRef = 7DDEE4D52721921F00892378 /* ParenthesizedExpressionSyntax.swift */; };
		7DEAD295272827B1008F0259 /* UnaryExpressionSyntax.swift in Sources */ = {isa = PBXBuildFile; fileRef = 7DEAD294272827B1008F0259 /* UnaryExpressionSyntax.swift */; };
		7DEAD29927297570008F0259 /* Binder.swift in Sources */ = {isa = PBXBuildFile; fileRef = 7DEAD29827297570008F0259 /* Binder.swift */; };
		7DEAD29B27298BAC008F0259 /* BoundNodeKind.swift in Sources */ = {isa = PBXBuildFile; fileRef = 7DEAD29A27298BAC008F0259 /* BoundNodeKind.swift */; };
		7DEAD29D27298BCE008F0259 /* BoundNode.swift in Sources */ = {isa = PBXBuildFile; fileRef = 7DEAD29C27298BCE008F0259 /* BoundNode.swift */; };
		7DEAD29F27298C07008F0259 /* BoundExpression.swift in Sources */ = {isa = PBXBuildFile; fileRef = 7DEAD29E27298C07008F0259 /* BoundExpression.swift */; };
		7DEAD2A127298C36008F0259 /* BoundUnaryOperatorKind.swift in Sources */ = {isa = PBXBuildFile; fileRef = 7DEAD2A027298C36008F0259 /* BoundUnaryOperatorKind.swift */; };
		7DEAD2A327298C84008F0259 /* BoundUnaryExpression.swift in Sources */ = {isa = PBXBuildFile; fileRef = 7DEAD2A227298C84008F0259 /* BoundUnaryExpression.swift */; };
		7DEAD2A527298CA9008F0259 /* BoundLiteralExpression.swift in Sources */ = {isa = PBXBuildFile; fileRef = 7DEAD2A427298CA9008F0259 /* BoundLiteralExpression.swift */; };
		7DEAD2A727298CCB008F0259 /* BoundBinaryOperatorKind.swift in Sources */ = {isa = PBXBuildFile; fileRef = 7DEAD2A627298CCB008F0259 /* BoundBinaryOperatorKind.swift */; };
		7DEAD2A927298CE2008F0259 /* BoundBinaryExpression.swift in Sources */ = {isa = PBXBuildFile; fileRef = 7DEAD2A827298CE2008F0259 /* BoundBinaryExpression.swift */; };
		7DEAD2AB272A876E008F0259 /* SyntaxFacts.swift in Sources */ = {isa = PBXBuildFile; fileRef = 7DEAD2AA272A876E008F0259 /* SyntaxFacts.swift */; };
		7DEAD2B1272C0496008F0259 /* BoundBinaryOperator.swift in Sources */ = {isa = PBXBuildFile; fileRef = 7DEAD2B0272C0496008F0259 /* BoundBinaryOperator.swift */; };
		7DEAD2B3272C04C4008F0259 /* BoundUnaryOperator.swift in Sources */ = {isa = PBXBuildFile; fileRef = 7DEAD2B2272C04C4008F0259 /* BoundUnaryOperator.swift */; };
		7DEAD2B5272EE0F7008F0259 /* Compilation.swift in Sources */ = {isa = PBXBuildFile; fileRef = 7DEAD2B4272EE0F7008F0259 /* Compilation.swift */; };
		7DEAD2B7272EE117008F0259 /* EvaluationResult.swift in Sources */ = {isa = PBXBuildFile; fileRef = 7DEAD2B6272EE117008F0259 /* EvaluationResult.swift */; };
		7DEAD2B9272EE47D008F0259 /* TextSpan.swift in Sources */ = {isa = PBXBuildFile; fileRef = 7DEAD2B8272EE47D008F0259 /* TextSpan.swift */; };
		7DEAD2BB272EE49D008F0259 /* Diagnostic.swift in Sources */ = {isa = PBXBuildFile; fileRef = 7DEAD2BA272EE49D008F0259 /* Diagnostic.swift */; };
		7DEAD2BD272EEB57008F0259 /* DiagnosticBag.swift in Sources */ = {isa = PBXBuildFile; fileRef = 7DEAD2BC272EEB57008F0259 /* DiagnosticBag.swift */; };
		7DEAD2BF272F94D6008F0259 /* AssigmentExpressionSyntax.swift in Sources */ = {isa = PBXBuildFile; fileRef = 7DEAD2BE272F94D6008F0259 /* AssigmentExpressionSyntax.swift */; };
		7DEAD2C1272F951B008F0259 /* NameExpressionSyntax.swift in Sources */ = {isa = PBXBuildFile; fileRef = 7DEAD2C0272F951B008F0259 /* NameExpressionSyntax.swift */; };
		7DEAD2C3272FD21B008F0259 /* BoundVariableExpression.swift in Sources */ = {isa = PBXBuildFile; fileRef = 7DEAD2C2272FD21B008F0259 /* BoundVariableExpression.swift */; };
		7DEAD2C5272FD479008F0259 /* BoundAssignmentExpression.swift in Sources */ = {isa = PBXBuildFile; fileRef = 7DEAD2C4272FD479008F0259 /* BoundAssignmentExpression.swift */; };
		7DEAD2C727316774008F0259 /* VariableSymbol.swift.swift in Sources */ = {isa = PBXBuildFile; fileRef = 7DEAD2C627316774008F0259 /* VariableSymbol.swift.swift */; };
		7DEAD386273297D3008F0259 /* Winter.docc in Sources */ = {isa = PBXBuildFile; fileRef = 7DEAD385273297D3008F0259 /* Winter.docc */; };
		7DEAD387273297D3008F0259 /* Winter.h in Headers */ = {isa = PBXBuildFile; fileRef = 7DEAD384273297D3008F0259 /* Winter.h */; settings = {ATTRIBUTES = (Public, ); }; };
		7DEAD38E27329E7F008F0259 /* Winter.framework in Frameworks */ = {isa = PBXBuildFile; fileRef = 7DEAD382273297D3008F0259 /* Winter.framework */; };
		7DEAD38F27329E7F008F0259 /* Winter.framework in Embed Frameworks */ = {isa = PBXBuildFile; fileRef = 7DEAD382273297D3008F0259 /* Winter.framework */; settings = {ATTRIBUTES = (CodeSignOnCopy, RemoveHeadersOnCopy, ); }; };
		7DEAD3922732A0BE008F0259 /* String+Extension.swift in Sources */ = {isa = PBXBuildFile; fileRef = 7DDEE4BD27218EA700892378 /* String+Extension.swift */; };
		7DEAD3932732A0BE008F0259 /* Exception.swift in Sources */ = {isa = PBXBuildFile; fileRef = 7DDEE4C127218F9600892378 /* Exception.swift */; };
/* End PBXBuildFile section */

/* Begin PBXContainerItemProxy section */
		7DEAD39027329E7F008F0259 /* PBXContainerItemProxy */ = {
			isa = PBXContainerItemProxy;
			containerPortal = 7DDEE4A7271AD94E00892378 /* Project object */;
			proxyType = 1;
			remoteGlobalIDString = 7DEAD381273297D3008F0259;
			remoteInfo = Winter;
		};
/* End PBXContainerItemProxy section */

/* Begin PBXCopyFilesBuildPhase section */
		7DDEE4AD271AD94E00892378 /* CopyFiles */ = {
			isa = PBXCopyFilesBuildPhase;
			buildActionMask = 2147483647;
			dstPath = /usr/share/man/man1/;
			dstSubfolderSpec = 0;
			files = (
			);
			runOnlyForDeploymentPostprocessing = 1;
		};
		7DEAD31B27328674008F0259 /* Embed Frameworks */ = {
			isa = PBXCopyFilesBuildPhase;
			buildActionMask = 2147483647;
			dstPath = "";
			dstSubfolderSpec = 10;
			files = (
				7DEAD38F27329E7F008F0259 /* Winter.framework in Embed Frameworks */,
			);
			name = "Embed Frameworks";
			runOnlyForDeploymentPostprocessing = 0;
		};
/* End PBXCopyFilesBuildPhase section */

/* Begin PBXFileReference section */
		7DDEE4AF271AD94E00892378 /* CommandRun */ = {isa = PBXFileReference; explicitFileType = "compiled.mach-o.executable"; includeInIndex = 0; path = CommandRun; sourceTree = BUILT_PRODUCTS_DIR; };
		7DDEE4B2271AD94E00892378 /* main.swift */ = {isa = PBXFileReference; lastKnownFileType = sourcecode.swift; path = main.swift; sourceTree = "<group>"; };
		7DDEE4BA27218DE600892378 /* Lexer.swift */ = {isa = PBXFileReference; lastKnownFileType = sourcecode.swift; path = Lexer.swift; sourceTree = "<group>"; };
		7DDEE4BD27218EA700892378 /* String+Extension.swift */ = {isa = PBXFileReference; lastKnownFileType = sourcecode.swift; path = "String+Extension.swift"; sourceTree = "<group>"; };
		7DDEE4BF27218EF800892378 /* Evaluator.swift */ = {isa = PBXFileReference; lastKnownFileType = sourcecode.swift; path = Evaluator.swift; sourceTree = "<group>"; };
		7DDEE4C127218F9600892378 /* Exception.swift */ = {isa = PBXFileReference; lastKnownFileType = sourcecode.swift; path = Exception.swift; sourceTree = "<group>"; };
		7DDEE4C327218FD500892378 /* SyntaxKind.swift */ = {isa = PBXFileReference; lastKnownFileType = sourcecode.swift; path = SyntaxKind.swift; sourceTree = "<group>"; };
		7DDEE4C52721901F00892378 /* Parser.swift */ = {isa = PBXFileReference; lastKnownFileType = sourcecode.swift; path = Parser.swift; sourceTree = "<group>"; };
		7DDEE4C72721905F00892378 /* SyntaxToken.swift */ = {isa = PBXFileReference; lastKnownFileType = sourcecode.swift; path = SyntaxToken.swift; sourceTree = "<group>"; };
		7DDEE4C9272190B600892378 /* SyntaxTree.swift */ = {isa = PBXFileReference; lastKnownFileType = sourcecode.swift; path = SyntaxTree.swift; sourceTree = "<group>"; };
		7DDEE4CC2721914100892378 /* SyntaxNode.swift */ = {isa = PBXFileReference; lastKnownFileType = sourcecode.swift; path = SyntaxNode.swift; sourceTree = "<group>"; };
		7DDEE4CF2721918000892378 /* ExpressionSyntax.swift */ = {isa = PBXFileReference; lastKnownFileType = sourcecode.swift; path = ExpressionSyntax.swift; sourceTree = "<group>"; };
		7DDEE4D1272191C000892378 /* LiteralExpressionSyntax.swift */ = {isa = PBXFileReference; lastKnownFileType = sourcecode.swift; path = LiteralExpressionSyntax.swift; sourceTree = "<group>"; };
		7DDEE4D3272191FB00892378 /* BinaryExpressionSyntax.swift */ = {isa = PBXFileReference; lastKnownFileType = sourcecode.swift; path = BinaryExpressionSyntax.swift; sourceTree = "<group>"; };
		7DDEE4D52721921F00892378 /* ParenthesizedExpressionSyntax.swift */ = {isa = PBXFileReference; lastKnownFileType = sourcecode.swift; path = ParenthesizedExpressionSyntax.swift; sourceTree = "<group>"; };
		7DEAD294272827B1008F0259 /* UnaryExpressionSyntax.swift */ = {isa = PBXFileReference; lastKnownFileType = sourcecode.swift; path = UnaryExpressionSyntax.swift; sourceTree = "<group>"; };
		7DEAD29827297570008F0259 /* Binder.swift */ = {isa = PBXFileReference; lastKnownFileType = sourcecode.swift; path = Binder.swift; sourceTree = "<group>"; };
		7DEAD29A27298BAC008F0259 /* BoundNodeKind.swift */ = {isa = PBXFileReference; lastKnownFileType = sourcecode.swift; path = BoundNodeKind.swift; sourceTree = "<group>"; };
		7DEAD29C27298BCE008F0259 /* BoundNode.swift */ = {isa = PBXFileReference; lastKnownFileType = sourcecode.swift; path = BoundNode.swift; sourceTree = "<group>"; };
		7DEAD29E27298C07008F0259 /* BoundExpression.swift */ = {isa = PBXFileReference; lastKnownFileType = sourcecode.swift; path = BoundExpression.swift; sourceTree = "<group>"; };
		7DEAD2A027298C36008F0259 /* BoundUnaryOperatorKind.swift */ = {isa = PBXFileReference; lastKnownFileType = sourcecode.swift; path = BoundUnaryOperatorKind.swift; sourceTree = "<group>"; };
		7DEAD2A227298C84008F0259 /* BoundUnaryExpression.swift */ = {isa = PBXFileReference; lastKnownFileType = sourcecode.swift; path = BoundUnaryExpression.swift; sourceTree = "<group>"; };
		7DEAD2A427298CA9008F0259 /* BoundLiteralExpression.swift */ = {isa = PBXFileReference; lastKnownFileType = sourcecode.swift; path = BoundLiteralExpression.swift; sourceTree = "<group>"; };
		7DEAD2A627298CCB008F0259 /* BoundBinaryOperatorKind.swift */ = {isa = PBXFileReference; lastKnownFileType = sourcecode.swift; path = BoundBinaryOperatorKind.swift; sourceTree = "<group>"; };
		7DEAD2A827298CE2008F0259 /* BoundBinaryExpression.swift */ = {isa = PBXFileReference; lastKnownFileType = sourcecode.swift; path = BoundBinaryExpression.swift; sourceTree = "<group>"; };
		7DEAD2AA272A876E008F0259 /* SyntaxFacts.swift */ = {isa = PBXFileReference; lastKnownFileType = sourcecode.swift; path = SyntaxFacts.swift; sourceTree = "<group>"; };
		7DEAD2B0272C0496008F0259 /* BoundBinaryOperator.swift */ = {isa = PBXFileReference; lastKnownFileType = sourcecode.swift; path = BoundBinaryOperator.swift; sourceTree = "<group>"; };
		7DEAD2B2272C04C4008F0259 /* BoundUnaryOperator.swift */ = {isa = PBXFileReference; lastKnownFileType = sourcecode.swift; path = BoundUnaryOperator.swift; sourceTree = "<group>"; };
		7DEAD2B4272EE0F7008F0259 /* Compilation.swift */ = {isa = PBXFileReference; lastKnownFileType = sourcecode.swift; path = Compilation.swift; sourceTree = "<group>"; };
		7DEAD2B6272EE117008F0259 /* EvaluationResult.swift */ = {isa = PBXFileReference; lastKnownFileType = sourcecode.swift; path = EvaluationResult.swift; sourceTree = "<group>"; };
		7DEAD2B8272EE47D008F0259 /* TextSpan.swift */ = {isa = PBXFileReference; lastKnownFileType = sourcecode.swift; path = TextSpan.swift; sourceTree = "<group>"; };
		7DEAD2BA272EE49D008F0259 /* Diagnostic.swift */ = {isa = PBXFileReference; lastKnownFileType = sourcecode.swift; path = Diagnostic.swift; sourceTree = "<group>"; };
		7DEAD2BC272EEB57008F0259 /* DiagnosticBag.swift */ = {isa = PBXFileReference; lastKnownFileType = sourcecode.swift; path = DiagnosticBag.swift; sourceTree = "<group>"; };
		7DEAD2BE272F94D6008F0259 /* AssigmentExpressionSyntax.swift */ = {isa = PBXFileReference; lastKnownFileType = sourcecode.swift; path = AssigmentExpressionSyntax.swift; sourceTree = "<group>"; };
		7DEAD2C0272F951B008F0259 /* NameExpressionSyntax.swift */ = {isa = PBXFileReference; lastKnownFileType = sourcecode.swift; path = NameExpressionSyntax.swift; sourceTree = "<group>"; };
		7DEAD2C2272FD21B008F0259 /* BoundVariableExpression.swift */ = {isa = PBXFileReference; lastKnownFileType = sourcecode.swift; path = BoundVariableExpression.swift; sourceTree = "<group>"; };
		7DEAD2C4272FD479008F0259 /* BoundAssignmentExpression.swift */ = {isa = PBXFileReference; lastKnownFileType = sourcecode.swift; path = BoundAssignmentExpression.swift; sourceTree = "<group>"; };
		7DEAD2C627316774008F0259 /* VariableSymbol.swift.swift */ = {isa = PBXFileReference; lastKnownFileType = sourcecode.swift; path = VariableSymbol.swift.swift; sourceTree = "<group>"; };
		7DEAD382273297D3008F0259 /* Winter.framework */ = {isa = PBXFileReference; explicitFileType = wrapper.framework; includeInIndex = 0; path = Winter.framework; sourceTree = BUILT_PRODUCTS_DIR; };
		7DEAD384273297D3008F0259 /* Winter.h */ = {isa = PBXFileReference; lastKnownFileType = sourcecode.c.h; path = Winter.h; sourceTree = "<group>"; };
		7DEAD385273297D3008F0259 /* Winter.docc */ = {isa = PBXFileReference; lastKnownFileType = folder.documentationcatalog; path = Winter.docc; sourceTree = "<group>"; };
/* End PBXFileReference section */

/* Begin PBXFrameworksBuildPhase section */
		7DDEE4AC271AD94E00892378 /* Frameworks */ = {
			isa = PBXFrameworksBuildPhase;
			buildActionMask = 2147483647;
			files = (
				7DEAD38E27329E7F008F0259 /* Winter.framework in Frameworks */,
			);
			runOnlyForDeploymentPostprocessing = 0;
		};
		7DEAD37F273297D3008F0259 /* Frameworks */ = {
			isa = PBXFrameworksBuildPhase;
			buildActionMask = 2147483647;
			files = (
			);
			runOnlyForDeploymentPostprocessing = 0;
		};
/* End PBXFrameworksBuildPhase section */

/* Begin PBXGroup section */
		7DDEE4A6271AD94E00892378 = {
			isa = PBXGroup;
			children = (
				7DDEE4B1271AD94E00892378 /* CommandRun */,
				7DEAD383273297D3008F0259 /* Winter */,
				7DDEE4B0271AD94E00892378 /* Products */,
				7DEAD38D27329E7F008F0259 /* Frameworks */,
			);
			sourceTree = "<group>";
		};
		7DDEE4B0271AD94E00892378 /* Products */ = {
			isa = PBXGroup;
			children = (
				7DDEE4AF271AD94E00892378 /* CommandRun */,
				7DEAD382273297D3008F0259 /* Winter.framework */,
			);
			name = Products;
			sourceTree = "<group>";
		};
		7DDEE4B1271AD94E00892378 /* CommandRun */ = {
			isa = PBXGroup;
			children = (
				7DDEE4B2271AD94E00892378 /* main.swift */,
			);
			path = CommandRun;
			sourceTree = "<group>";
		};
		7DDEE4B927218D2800892378 /* CodeAnalysis */ = {
			isa = PBXGroup;
			children = (
				7DEAD29727297550008F0259 /* Binding */,
				7DEAD29627297488008F0259 /* Syntax */,
				7DDEE4BF27218EF800892378 /* Evaluator.swift */,
				7DEAD2B4272EE0F7008F0259 /* Compilation.swift */,
				7DEAD2B6272EE117008F0259 /* EvaluationResult.swift */,
				7DEAD2B8272EE47D008F0259 /* TextSpan.swift */,
				7DEAD2BA272EE49D008F0259 /* Diagnostic.swift */,
				7DEAD2BC272EEB57008F0259 /* DiagnosticBag.swift */,
				7DEAD2C627316774008F0259 /* VariableSymbol.swift.swift */,
			);
			path = CodeAnalysis;
			sourceTree = "<group>";
		};
		7DDEE4CB2721912000892378 /* Expressions */ = {
			isa = PBXGroup;
			children = (
				7DDEE4CC2721914100892378 /* SyntaxNode.swift */,
				7DDEE4CF2721918000892378 /* ExpressionSyntax.swift */,
				7DDEE4D1272191C000892378 /* LiteralExpressionSyntax.swift */,
				7DDEE4D3272191FB00892378 /* BinaryExpressionSyntax.swift */,
				7DEAD294272827B1008F0259 /* UnaryExpressionSyntax.swift */,
				7DDEE4D52721921F00892378 /* ParenthesizedExpressionSyntax.swift */,
				7DEAD2BE272F94D6008F0259 /* AssigmentExpressionSyntax.swift */,
				7DEAD2C0272F951B008F0259 /* NameExpressionSyntax.swift */,
			);
			path = Expressions;
			sourceTree = "<group>";
		};
		7DEAD29627297488008F0259 /* Syntax */ = {
			isa = PBXGroup;
			children = (
				7DDEE4CB2721912000892378 /* Expressions */,
				7DDEE4BA27218DE600892378 /* Lexer.swift */,
				7DDEE4C327218FD500892378 /* SyntaxKind.swift */,
				7DDEE4C52721901F00892378 /* Parser.swift */,
				7DDEE4C72721905F00892378 /* SyntaxToken.swift */,
				7DDEE4C9272190B600892378 /* SyntaxTree.swift */,
				7DEAD2AA272A876E008F0259 /* SyntaxFacts.swift */,
			);
			path = Syntax;
			sourceTree = "<group>";
		};
		7DEAD29727297550008F0259 /* Binding */ = {
			isa = PBXGroup;
			children = (
				7DEAD29827297570008F0259 /* Binder.swift */,
				7DEAD29E27298C07008F0259 /* BoundExpression.swift */,
				7DEAD29A27298BAC008F0259 /* BoundNodeKind.swift */,
				7DEAD29C27298BCE008F0259 /* BoundNode.swift */,
				7DEAD2A027298C36008F0259 /* BoundUnaryOperatorKind.swift */,
				7DEAD2A227298C84008F0259 /* BoundUnaryExpression.swift */,
				7DEAD2A427298CA9008F0259 /* BoundLiteralExpression.swift */,
				7DEAD2A627298CCB008F0259 /* BoundBinaryOperatorKind.swift */,
				7DEAD2A827298CE2008F0259 /* BoundBinaryExpression.swift */,
				7DEAD2B0272C0496008F0259 /* BoundBinaryOperator.swift */,
				7DEAD2B2272C04C4008F0259 /* BoundUnaryOperator.swift */,
				7DEAD2C2272FD21B008F0259 /* BoundVariableExpression.swift */,
				7DEAD2C4272FD479008F0259 /* BoundAssignmentExpression.swift */,
			);
			path = Binding;
			sourceTree = "<group>";
		};
		7DEAD383273297D3008F0259 /* Winter */ = {
			isa = PBXGroup;
			children = (
				7DEAD384273297D3008F0259 /* Winter.h */,
				7DEAD385273297D3008F0259 /* Winter.docc */,
				7DDEE4B927218D2800892378 /* CodeAnalysis */,
				7DDEE4BD27218EA700892378 /* String+Extension.swift */,
				7DDEE4C127218F9600892378 /* Exception.swift */,
			);
			path = Winter;
			sourceTree = "<group>";
		};
		7DEAD38D27329E7F008F0259 /* Frameworks */ = {
			isa = PBXGroup;
			children = (
			);
			name = Frameworks;
			sourceTree = "<group>";
		};
/* End PBXGroup section */

/* Begin PBXHeadersBuildPhase section */
		7DEAD37D273297D3008F0259 /* Headers */ = {
			isa = PBXHeadersBuildPhase;
			buildActionMask = 2147483647;
			files = (
				7DEAD387273297D3008F0259 /* Winter.h in Headers */,
			);
			runOnlyForDeploymentPostprocessing = 0;
		};
/* End PBXHeadersBuildPhase section */

/* Begin PBXNativeTarget section */
		7DDEE4AE271AD94E00892378 /* CommandRun */ = {
			isa = PBXNativeTarget;
			buildConfigurationList = 7DDEE4B6271AD94E00892378 /* Build configuration list for PBXNativeTarget "CommandRun" */;
			buildPhases = (
				7DDEE4AB271AD94E00892378 /* Sources */,
				7DDEE4AC271AD94E00892378 /* Frameworks */,
				7DDEE4AD271AD94E00892378 /* CopyFiles */,
				7DEAD31B27328674008F0259 /* Embed Frameworks */,
			);
			buildRules = (
			);
			dependencies = (
				7DEAD39127329E7F008F0259 /* PBXTargetDependency */,
			);
			name = CommandRun;
			productName = compiler;
			productReference = 7DDEE4AF271AD94E00892378 /* CommandRun */;
			productType = "com.apple.product-type.tool";
		};
		7DEAD381273297D3008F0259 /* Winter */ = {
			isa = PBXNativeTarget;
			buildConfigurationList = 7DEAD388273297D3008F0259 /* Build configuration list for PBXNativeTarget "Winter" */;
			buildPhases = (
				7DEAD37D273297D3008F0259 /* Headers */,
				7DEAD37E273297D3008F0259 /* Sources */,
				7DEAD37F273297D3008F0259 /* Frameworks */,
				7DEAD380273297D3008F0259 /* Resources */,
			);
			buildRules = (
			);
			dependencies = (
			);
			name = Winter;
			productName = Winter;
			productReference = 7DEAD382273297D3008F0259 /* Winter.framework */;
			productType = "com.apple.product-type.framework";
		};
/* End PBXNativeTarget section */

/* Begin PBXProject section */
		7DDEE4A7271AD94E00892378 /* Project object */ = {
			isa = PBXProject;
			attributes = {
				BuildIndependentTargetsInParallel = 1;
				LastSwiftUpdateCheck = 1310;
				LastUpgradeCheck = 1310;
				TargetAttributes = {
					7DDEE4AE271AD94E00892378 = {
						CreatedOnToolsVersion = 13.0;
					};
					7DEAD381273297D3008F0259 = {
						CreatedOnToolsVersion = 13.1;
					};
				};
			};
			buildConfigurationList = 7DDEE4AA271AD94E00892378 /* Build configuration list for PBXProject "compiler" */;
			compatibilityVersion = "Xcode 13.0";
			developmentRegion = en;
			hasScannedForEncodings = 0;
			knownRegions = (
				en,
				Base,
			);
			mainGroup = 7DDEE4A6271AD94E00892378;
			productRefGroup = 7DDEE4B0271AD94E00892378 /* Products */;
			projectDirPath = "";
			projectRoot = "";
			targets = (
				7DDEE4AE271AD94E00892378 /* CommandRun */,
				7DEAD381273297D3008F0259 /* Winter */,
			);
		};
/* End PBXProject section */

/* Begin PBXResourcesBuildPhase section */
		7DEAD380273297D3008F0259 /* Resources */ = {
			isa = PBXResourcesBuildPhase;
			buildActionMask = 2147483647;
			files = (
			);
			runOnlyForDeploymentPostprocessing = 0;
		};
/* End PBXResourcesBuildPhase section */

/* Begin PBXSourcesBuildPhase section */
		7DDEE4AB271AD94E00892378 /* Sources */ = {
			isa = PBXSourcesBuildPhase;
			buildActionMask = 2147483647;
			files = (
				7DDEE4BB27218DE600892378 /* Lexer.swift in Sources */,
				7DDEE4CA272190B600892378 /* SyntaxTree.swift in Sources */,
				7DEAD2C727316774008F0259 /* VariableSymbol.swift.swift in Sources */,
				7DEAD2B3272C04C4008F0259 /* BoundUnaryOperator.swift in Sources */,
				7DEAD2A127298C36008F0259 /* BoundUnaryOperatorKind.swift in Sources */,
				7DEAD29D27298BCE008F0259 /* BoundNode.swift in Sources */,
				7DEAD2BF272F94D6008F0259 /* AssigmentExpressionSyntax.swift in Sources */,
				7DDEE4D4272191FB00892378 /* BinaryExpressionSyntax.swift in Sources */,
				7DDEE4C027218EF800892378 /* Evaluator.swift in Sources */,
				7DEAD2B1272C0496008F0259 /* BoundBinaryOperator.swift in Sources */,
				7DEAD295272827B1008F0259 /* UnaryExpressionSyntax.swift in Sources */,
				7DEAD2B5272EE0F7008F0259 /* Compilation.swift in Sources */,
				7DEAD2A527298CA9008F0259 /* BoundLiteralExpression.swift in Sources */,
				7DEAD2A327298C84008F0259 /* BoundUnaryExpression.swift in Sources */,
				7DDEE4C82721905F00892378 /* SyntaxToken.swift in Sources */,
				7DEAD29B27298BAC008F0259 /* BoundNodeKind.swift in Sources */,
				7DDEE4C427218FD500892378 /* SyntaxKind.swift in Sources */,
				7DDEE4D02721918000892378 /* ExpressionSyntax.swift in Sources */,
				7DDEE4B3271AD94E00892378 /* main.swift in Sources */,
				7DEAD2C3272FD21B008F0259 /* BoundVariableExpression.swift in Sources */,
				7DEAD2BB272EE49D008F0259 /* Diagnostic.swift in Sources */,
				7DEAD2C1272F951B008F0259 /* NameExpressionSyntax.swift in Sources */,
				7DEAD29927297570008F0259 /* Binder.swift in Sources */,
				7DEAD2B9272EE47D008F0259 /* TextSpan.swift in Sources */,
				7DDEE4CD2721914100892378 /* SyntaxNode.swift in Sources */,
				7DEAD29F27298C07008F0259 /* BoundExpression.swift in Sources */,
				7DEAD2C5272FD479008F0259 /* BoundAssignmentExpression.swift in Sources */,
				7DEAD2A927298CE2008F0259 /* BoundBinaryExpression.swift in Sources */,
				7DEAD2A727298CCB008F0259 /* BoundBinaryOperatorKind.swift in Sources */,
				7DDEE4D62721921F00892378 /* ParenthesizedExpressionSyntax.swift in Sources */,
				7DDEE4C62721901F00892378 /* Parser.swift in Sources */,
				7DEAD2B7272EE117008F0259 /* EvaluationResult.swift in Sources */,
				7DEAD2BD272EEB57008F0259 /* DiagnosticBag.swift in Sources */,
				7DEAD2AB272A876E008F0259 /* SyntaxFacts.swift in Sources */,
				7DDEE4D2272191C000892378 /* LiteralExpressionSyntax.swift in Sources */,
			);
			runOnlyForDeploymentPostprocessing = 0;
		};
		7DEAD37E273297D3008F0259 /* Sources */ = {
			isa = PBXSourcesBuildPhase;
			buildActionMask = 2147483647;
			files = (
				7DEAD386273297D3008F0259 /* Winter.docc in Sources */,
				7DEAD3932732A0BE008F0259 /* Exception.swift in Sources */,
				7DEAD3922732A0BE008F0259 /* String+Extension.swift in Sources */,
			);
			runOnlyForDeploymentPostprocessing = 0;
		};
/* End PBXSourcesBuildPhase section */

/* Begin PBXTargetDependency section */
		7DEAD39127329E7F008F0259 /* PBXTargetDependency */ = {
			isa = PBXTargetDependency;
			target = 7DEAD381273297D3008F0259 /* Winter */;
			targetProxy = 7DEAD39027329E7F008F0259 /* PBXContainerItemProxy */;
		};
/* End PBXTargetDependency section */

/* Begin XCBuildConfiguration section */
		7DDEE4B4271AD94E00892378 /* Debug */ = {
			isa = XCBuildConfiguration;
			buildSettings = {
				ALWAYS_SEARCH_USER_PATHS = NO;
				CLANG_ANALYZER_NONNULL = YES;
				CLANG_ANALYZER_NUMBER_OBJECT_CONVERSION = YES_AGGRESSIVE;
				CLANG_CXX_LANGUAGE_STANDARD = "gnu++17";
				CLANG_CXX_LIBRARY = "libc++";
				CLANG_ENABLE_MODULES = YES;
				CLANG_ENABLE_OBJC_ARC = YES;
				CLANG_ENABLE_OBJC_WEAK = YES;
				CLANG_WARN_BLOCK_CAPTURE_AUTORELEASING = YES;
				CLANG_WARN_BOOL_CONVERSION = YES;
				CLANG_WARN_COMMA = YES;
				CLANG_WARN_CONSTANT_CONVERSION = YES;
				CLANG_WARN_DEPRECATED_OBJC_IMPLEMENTATIONS = YES;
				CLANG_WARN_DIRECT_OBJC_ISA_USAGE = YES_ERROR;
				CLANG_WARN_DOCUMENTATION_COMMENTS = YES;
				CLANG_WARN_EMPTY_BODY = YES;
				CLANG_WARN_ENUM_CONVERSION = YES;
				CLANG_WARN_INFINITE_RECURSION = YES;
				CLANG_WARN_INT_CONVERSION = YES;
				CLANG_WARN_NON_LITERAL_NULL_CONVERSION = YES;
				CLANG_WARN_OBJC_IMPLICIT_RETAIN_SELF = YES;
				CLANG_WARN_OBJC_LITERAL_CONVERSION = YES;
				CLANG_WARN_OBJC_ROOT_CLASS = YES_ERROR;
				CLANG_WARN_QUOTED_INCLUDE_IN_FRAMEWORK_HEADER = YES;
				CLANG_WARN_RANGE_LOOP_ANALYSIS = YES;
				CLANG_WARN_STRICT_PROTOTYPES = YES;
				CLANG_WARN_SUSPICIOUS_MOVE = YES;
				CLANG_WARN_UNGUARDED_AVAILABILITY = YES_AGGRESSIVE;
				CLANG_WARN_UNREACHABLE_CODE = YES;
				CLANG_WARN__DUPLICATE_METHOD_MATCH = YES;
				COPY_PHASE_STRIP = NO;
				DEBUG_INFORMATION_FORMAT = dwarf;
				ENABLE_STRICT_OBJC_MSGSEND = YES;
				ENABLE_TESTABILITY = YES;
				GCC_C_LANGUAGE_STANDARD = gnu11;
				GCC_DYNAMIC_NO_PIC = NO;
				GCC_NO_COMMON_BLOCKS = YES;
				GCC_OPTIMIZATION_LEVEL = 0;
				GCC_PREPROCESSOR_DEFINITIONS = (
					"DEBUG=1",
					"$(inherited)",
				);
				GCC_WARN_64_TO_32_BIT_CONVERSION = YES;
				GCC_WARN_ABOUT_RETURN_TYPE = YES_ERROR;
				GCC_WARN_UNDECLARED_SELECTOR = YES;
				GCC_WARN_UNINITIALIZED_AUTOS = YES_AGGRESSIVE;
				GCC_WARN_UNUSED_FUNCTION = YES;
				GCC_WARN_UNUSED_VARIABLE = YES;
				MACOSX_DEPLOYMENT_TARGET = 12.0;
				MTL_ENABLE_DEBUG_INFO = INCLUDE_SOURCE;
				MTL_FAST_MATH = YES;
				ONLY_ACTIVE_ARCH = YES;
				SDKROOT = macosx;
				SWIFT_ACTIVE_COMPILATION_CONDITIONS = DEBUG;
				SWIFT_OPTIMIZATION_LEVEL = "-Onone";
			};
			name = Debug;
		};
		7DDEE4B5271AD94E00892378 /* Release */ = {
			isa = XCBuildConfiguration;
			buildSettings = {
				ALWAYS_SEARCH_USER_PATHS = NO;
				CLANG_ANALYZER_NONNULL = YES;
				CLANG_ANALYZER_NUMBER_OBJECT_CONVERSION = YES_AGGRESSIVE;
				CLANG_CXX_LANGUAGE_STANDARD = "gnu++17";
				CLANG_CXX_LIBRARY = "libc++";
				CLANG_ENABLE_MODULES = YES;
				CLANG_ENABLE_OBJC_ARC = YES;
				CLANG_ENABLE_OBJC_WEAK = YES;
				CLANG_WARN_BLOCK_CAPTURE_AUTORELEASING = YES;
				CLANG_WARN_BOOL_CONVERSION = YES;
				CLANG_WARN_COMMA = YES;
				CLANG_WARN_CONSTANT_CONVERSION = YES;
				CLANG_WARN_DEPRECATED_OBJC_IMPLEMENTATIONS = YES;
				CLANG_WARN_DIRECT_OBJC_ISA_USAGE = YES_ERROR;
				CLANG_WARN_DOCUMENTATION_COMMENTS = YES;
				CLANG_WARN_EMPTY_BODY = YES;
				CLANG_WARN_ENUM_CONVERSION = YES;
				CLANG_WARN_INFINITE_RECURSION = YES;
				CLANG_WARN_INT_CONVERSION = YES;
				CLANG_WARN_NON_LITERAL_NULL_CONVERSION = YES;
				CLANG_WARN_OBJC_IMPLICIT_RETAIN_SELF = YES;
				CLANG_WARN_OBJC_LITERAL_CONVERSION = YES;
				CLANG_WARN_OBJC_ROOT_CLASS = YES_ERROR;
				CLANG_WARN_QUOTED_INCLUDE_IN_FRAMEWORK_HEADER = YES;
				CLANG_WARN_RANGE_LOOP_ANALYSIS = YES;
				CLANG_WARN_STRICT_PROTOTYPES = YES;
				CLANG_WARN_SUSPICIOUS_MOVE = YES;
				CLANG_WARN_UNGUARDED_AVAILABILITY = YES_AGGRESSIVE;
				CLANG_WARN_UNREACHABLE_CODE = YES;
				CLANG_WARN__DUPLICATE_METHOD_MATCH = YES;
				COPY_PHASE_STRIP = NO;
				DEBUG_INFORMATION_FORMAT = "dwarf-with-dsym";
				ENABLE_NS_ASSERTIONS = NO;
				ENABLE_STRICT_OBJC_MSGSEND = YES;
				GCC_C_LANGUAGE_STANDARD = gnu11;
				GCC_NO_COMMON_BLOCKS = YES;
				GCC_WARN_64_TO_32_BIT_CONVERSION = YES;
				GCC_WARN_ABOUT_RETURN_TYPE = YES_ERROR;
				GCC_WARN_UNDECLARED_SELECTOR = YES;
				GCC_WARN_UNINITIALIZED_AUTOS = YES_AGGRESSIVE;
				GCC_WARN_UNUSED_FUNCTION = YES;
				GCC_WARN_UNUSED_VARIABLE = YES;
				MACOSX_DEPLOYMENT_TARGET = 12.0;
				MTL_ENABLE_DEBUG_INFO = NO;
				MTL_FAST_MATH = YES;
				SDKROOT = macosx;
				SWIFT_COMPILATION_MODE = wholemodule;
				SWIFT_OPTIMIZATION_LEVEL = "-O";
			};
			name = Release;
		};
		7DDEE4B7271AD94E00892378 /* Debug */ = {
			isa = XCBuildConfiguration;
			buildSettings = {
				CODE_SIGN_IDENTITY = "Apple Development";
				CODE_SIGN_STYLE = Automatic;
				DEVELOPMENT_TEAM = 3NWMYS8K45;
				ENABLE_HARDENED_RUNTIME = YES;
				PRODUCT_NAME = "$(TARGET_NAME)";
				SWIFT_VERSION = 5.0;
			};
			name = Debug;
		};
		7DDEE4B8271AD94E00892378 /* Release */ = {
			isa = XCBuildConfiguration;
			buildSettings = {
				CODE_SIGN_IDENTITY = "Apple Development";
				CODE_SIGN_STYLE = Automatic;
				DEVELOPMENT_TEAM = 3NWMYS8K45;
				ENABLE_HARDENED_RUNTIME = YES;
				PRODUCT_NAME = "$(TARGET_NAME)";
				SWIFT_VERSION = 5.0;
			};
			name = Release;
		};
		7DEAD389273297D3008F0259 /* Debug */ = {
			isa = XCBuildConfiguration;
			buildSettings = {
				CODE_SIGN_STYLE = Automatic;
				COMBINE_HIDPI_IMAGES = YES;
				CURRENT_PROJECT_VERSION = 1;
				DEFINES_MODULE = YES;
				DEVELOPMENT_TEAM = 3NWMYS8K45;
				DYLIB_COMPATIBILITY_VERSION = 1;
				DYLIB_CURRENT_VERSION = 1;
				DYLIB_INSTALL_NAME_BASE = "@rpath";
				GENERATE_INFOPLIST_FILE = YES;
				INFOPLIST_KEY_NSHumanReadableCopyright = "";
				INSTALL_PATH = "$(LOCAL_LIBRARY_DIR)/Frameworks";
				LD_RUNPATH_SEARCH_PATHS = (
					"$(inherited)",
					"@executable_path/../Frameworks",
					"@loader_path/Frameworks",
				);
				MARKETING_VERSION = 1.0;
				PRODUCT_BUNDLE_IDENTIFIER = com.alexandrKotlyarov.Winter;
				PRODUCT_NAME = "$(TARGET_NAME:c99extidentifier)";
				SKIP_INSTALL = YES;
				SWIFT_EMIT_LOC_STRINGS = YES;
				SWIFT_VERSION = 5.0;
				VERSIONING_SYSTEM = "apple-generic";
				VERSION_INFO_PREFIX = "";
			};
			name = Debug;
		};
		7DEAD38A273297D3008F0259 /* Release */ = {
			isa = XCBuildConfiguration;
			buildSettings = {
				CODE_SIGN_STYLE = Automatic;
				COMBINE_HIDPI_IMAGES = YES;
				CURRENT_PROJECT_VERSION = 1;
				DEFINES_MODULE = YES;
				DEVELOPMENT_TEAM = 3NWMYS8K45;
				DYLIB_COMPATIBILITY_VERSION = 1;
				DYLIB_CURRENT_VERSION = 1;
				DYLIB_INSTALL_NAME_BASE = "@rpath";
				GENERATE_INFOPLIST_FILE = YES;
				INFOPLIST_KEY_NSHumanReadableCopyright = "";
				INSTALL_PATH = "$(LOCAL_LIBRARY_DIR)/Frameworks";
				LD_RUNPATH_SEARCH_PATHS = (
					"$(inherited)",
					"@executable_path/../Frameworks",
					"@loader_path/Frameworks",
				);
				MARKETING_VERSION = 1.0;
				PRODUCT_BUNDLE_IDENTIFIER = com.alexandrKotlyarov.Winter;
				PRODUCT_NAME = "$(TARGET_NAME:c99extidentifier)";
				SKIP_INSTALL = YES;
				SWIFT_EMIT_LOC_STRINGS = YES;
				SWIFT_VERSION = 5.0;
				VERSIONING_SYSTEM = "apple-generic";
				VERSION_INFO_PREFIX = "";
			};
			name = Release;
		};
/* End XCBuildConfiguration section */

/* Begin XCConfigurationList section */
		7DDEE4AA271AD94E00892378 /* Build configuration list for PBXProject "compiler" */ = {
			isa = XCConfigurationList;
			buildConfigurations = (
				7DDEE4B4271AD94E00892378 /* Debug */,
				7DDEE4B5271AD94E00892378 /* Release */,
			);
			defaultConfigurationIsVisible = 0;
			defaultConfigurationName = Debug;
		};
		7DDEE4B6271AD94E00892378 /* Build configuration list for PBXNativeTarget "CommandRun" */ = {
			isa = XCConfigurationList;
			buildConfigurations = (
				7DDEE4B7271AD94E00892378 /* Debug */,
				7DDEE4B8271AD94E00892378 /* Release */,
			);
			defaultConfigurationIsVisible = 0;
			defaultConfigurationName = Debug;
		};
		7DEAD388273297D3008F0259 /* Build configuration list for PBXNativeTarget "Winter" */ = {
			isa = XCConfigurationList;
			buildConfigurations = (
				7DEAD389273297D3008F0259 /* Debug */,
				7DEAD38A273297D3008F0259 /* Release */,
			);
			defaultConfigurationIsVisible = 0;
			defaultConfigurationName = Debug;
		};
/* End XCConfigurationList section */
	};
	rootObject = 7DDEE4A7271AD94E00892378 /* Project object */;
}
