// !$*UTF8*$!
{
	archiveVersion = 1;
	classes = {
	};
	objectVersion = 55;
	objects = {

/* Begin PBXBuildFile section */
		7DDEE4B3271AD94E00892378 /* main.swift in Sources */ = {isa = PBXBuildFile; fileRef = 7DDEE4B2271AD94E00892378 /* main.swift */; };
		7DDEE4BB27218DE600892378 /* Lexer.swift in Sources */ = {isa = PBXBuildFile; fileRef = 7DDEE4BA27218DE600892378 /* Lexer.swift */; };
		7DDEE4BE27218EA700892378 /* String+Extension.swift in Sources */ = {isa = PBXBuildFile; fileRef = 7DDEE4BD27218EA700892378 /* String+Extension.swift */; };
		7DDEE4C027218EF800892378 /* Evaluator.swift in Sources */ = {isa = PBXBuildFile; fileRef = 7DDEE4BF27218EF800892378 /* Evaluator.swift */; };
		7DDEE4C227218F9600892378 /* Exception.swift in Sources */ = {isa = PBXBuildFile; fileRef = 7DDEE4C127218F9600892378 /* Exception.swift */; };
		7DDEE4C427218FD500892378 /* SyntaxKind.swift in Sources */ = {isa = PBXBuildFile; fileRef = 7DDEE4C327218FD500892378 /* SyntaxKind.swift */; };
		7DDEE4C62721901F00892378 /* Parser.swift in Sources */ = {isa = PBXBuildFile; fileRef = 7DDEE4C52721901F00892378 /* Parser.swift */; };
		7DDEE4C82721905F00892378 /* SyntaxToken.swift in Sources */ = {isa = PBXBuildFile; fileRef = 7DDEE4C72721905F00892378 /* SyntaxToken.swift */; };
		7DDEE4CA272190B600892378 /* SyntaxTree.swift in Sources */ = {isa = PBXBuildFile; fileRef = 7DDEE4C9272190B600892378 /* SyntaxTree.swift */; };
		7DDEE4CD2721914100892378 /* SyntaxNode.swift in Sources */ = {isa = PBXBuildFile; fileRef = 7DDEE4CC2721914100892378 /* SyntaxNode.swift */; };
		7DDEE4D02721918000892378 /* ExpressionSyntax.swift in Sources */ = {isa = PBXBuildFile; fileRef = 7DDEE4CF2721918000892378 /* ExpressionSyntax.swift */; };
		7DDEE4D2272191C000892378 /* NumberExpressionSyntax.swift in Sources */ = {isa = PBXBuildFile; fileRef = 7DDEE4D1272191C000892378 /* NumberExpressionSyntax.swift */; };
		7DDEE4D4272191FB00892378 /* BinaryExpressionSyntax.swift in Sources */ = {isa = PBXBuildFile; fileRef = 7DDEE4D3272191FB00892378 /* BinaryExpressionSyntax.swift */; };
		7DDEE4D62721921F00892378 /* ParenthesizedExpressionSyntax.swift in Sources */ = {isa = PBXBuildFile; fileRef = 7DDEE4D52721921F00892378 /* ParenthesizedExpressionSyntax.swift */; };
/* End PBXBuildFile section */

/* Begin PBXCopyFilesBuildPhase section */
		7DDEE4AD271AD94E00892378 /* CopyFiles */ = {
			isa = PBXCopyFilesBuildPhase;
			buildActionMask = 2147483647;
			dstPath = /usr/share/man/man1/;
			dstSubfolderSpec = 0;
			files = (
			);
			runOnlyForDeploymentPostprocessing = 1;
		};
/* End PBXCopyFilesBuildPhase section */

/* Begin PBXFileReference section */
		7DDEE4AF271AD94E00892378 /* compiler */ = {isa = PBXFileReference; explicitFileType = "compiled.mach-o.executable"; includeInIndex = 0; path = compiler; sourceTree = BUILT_PRODUCTS_DIR; };
		7DDEE4B2271AD94E00892378 /* main.swift */ = {isa = PBXFileReference; lastKnownFileType = sourcecode.swift; path = main.swift; sourceTree = "<group>"; };
		7DDEE4BA27218DE600892378 /* Lexer.swift */ = {isa = PBXFileReference; lastKnownFileType = sourcecode.swift; path = Lexer.swift; sourceTree = "<group>"; };
		7DDEE4BD27218EA700892378 /* String+Extension.swift */ = {isa = PBXFileReference; lastKnownFileType = sourcecode.swift; path = "String+Extension.swift"; sourceTree = "<group>"; };
		7DDEE4BF27218EF800892378 /* Evaluator.swift */ = {isa = PBXFileReference; lastKnownFileType = sourcecode.swift; path = Evaluator.swift; sourceTree = "<group>"; };
		7DDEE4C127218F9600892378 /* Exception.swift */ = {isa = PBXFileReference; lastKnownFileType = sourcecode.swift; path = Exception.swift; sourceTree = "<group>"; };
		7DDEE4C327218FD500892378 /* SyntaxKind.swift */ = {isa = PBXFileReference; lastKnownFileType = sourcecode.swift; path = SyntaxKind.swift; sourceTree = "<group>"; };
		7DDEE4C52721901F00892378 /* Parser.swift */ = {isa = PBXFileReference; lastKnownFileType = sourcecode.swift; path = Parser.swift; sourceTree = "<group>"; };
		7DDEE4C72721905F00892378 /* SyntaxToken.swift */ = {isa = PBXFileReference; lastKnownFileType = sourcecode.swift; path = SyntaxToken.swift; sourceTree = "<group>"; };
		7DDEE4C9272190B600892378 /* SyntaxTree.swift */ = {isa = PBXFileReference; lastKnownFileType = sourcecode.swift; path = SyntaxTree.swift; sourceTree = "<group>"; };
		7DDEE4CC2721914100892378 /* SyntaxNode.swift */ = {isa = PBXFileReference; lastKnownFileType = sourcecode.swift; path = SyntaxNode.swift; sourceTree = "<group>"; };
		7DDEE4CF2721918000892378 /* ExpressionSyntax.swift */ = {isa = PBXFileReference; lastKnownFileType = sourcecode.swift; path = ExpressionSyntax.swift; sourceTree = "<group>"; };
		7DDEE4D1272191C000892378 /* NumberExpressionSyntax.swift */ = {isa = PBXFileReference; lastKnownFileType = sourcecode.swift; path = NumberExpressionSyntax.swift; sourceTree = "<group>"; };
		7DDEE4D3272191FB00892378 /* BinaryExpressionSyntax.swift */ = {isa = PBXFileReference; lastKnownFileType = sourcecode.swift; path = BinaryExpressionSyntax.swift; sourceTree = "<group>"; };
		7DDEE4D52721921F00892378 /* ParenthesizedExpressionSyntax.swift */ = {isa = PBXFileReference; lastKnownFileType = sourcecode.swift; path = ParenthesizedExpressionSyntax.swift; sourceTree = "<group>"; };
/* End PBXFileReference section */

/* Begin PBXFrameworksBuildPhase section */
		7DDEE4AC271AD94E00892378 /* Frameworks */ = {
			isa = PBXFrameworksBuildPhase;
			buildActionMask = 2147483647;
			files = (
			);
			runOnlyForDeploymentPostprocessing = 0;
		};
/* End PBXFrameworksBuildPhase section */

/* Begin PBXGroup section */
		7DDEE4A6271AD94E00892378 = {
			isa = PBXGroup;
			children = (
				7DDEE4B1271AD94E00892378 /* compiler */,
				7DDEE4B0271AD94E00892378 /* Products */,
			);
			sourceTree = "<group>";
		};
		7DDEE4B0271AD94E00892378 /* Products */ = {
			isa = PBXGroup;
			children = (
				7DDEE4AF271AD94E00892378 /* compiler */,
			);
			name = Products;
			sourceTree = "<group>";
		};
		7DDEE4B1271AD94E00892378 /* compiler */ = {
			isa = PBXGroup;
			children = (
				7DDEE4B927218D2800892378 /* CodeAnalysis */,
				7DDEE4B2271AD94E00892378 /* main.swift */,
				7DDEE4BD27218EA700892378 /* String+Extension.swift */,
				7DDEE4C127218F9600892378 /* Exception.swift */,
			);
			path = compiler;
			sourceTree = "<group>";
		};
		7DDEE4B927218D2800892378 /* CodeAnalysis */ = {
			isa = PBXGroup;
			children = (
				7DDEE4CB2721912000892378 /* Expressions */,
				7DDEE4BA27218DE600892378 /* Lexer.swift */,
				7DDEE4BF27218EF800892378 /* Evaluator.swift */,
				7DDEE4C327218FD500892378 /* SyntaxKind.swift */,
				7DDEE4C52721901F00892378 /* Parser.swift */,
				7DDEE4C72721905F00892378 /* SyntaxToken.swift */,
				7DDEE4C9272190B600892378 /* SyntaxTree.swift */,
			);
			path = CodeAnalysis;
			sourceTree = "<group>";
		};
		7DDEE4CB2721912000892378 /* Expressions */ = {
			isa = PBXGroup;
			children = (
				7DDEE4CC2721914100892378 /* SyntaxNode.swift */,
				7DDEE4CF2721918000892378 /* ExpressionSyntax.swift */,
				7DDEE4D1272191C000892378 /* NumberExpressionSyntax.swift */,
				7DDEE4D3272191FB00892378 /* BinaryExpressionSyntax.swift */,
				7DDEE4D52721921F00892378 /* ParenthesizedExpressionSyntax.swift */,
			);
			path = Expressions;
			sourceTree = "<group>";
		};
/* End PBXGroup section */

/* Begin PBXNativeTarget section */
		7DDEE4AE271AD94E00892378 /* compiler */ = {
			isa = PBXNativeTarget;
			buildConfigurationList = 7DDEE4B6271AD94E00892378 /* Build configuration list for PBXNativeTarget "compiler" */;
			buildPhases = (
				7DDEE4AB271AD94E00892378 /* Sources */,
				7DDEE4AC271AD94E00892378 /* Frameworks */,
				7DDEE4AD271AD94E00892378 /* CopyFiles */,
			);
			buildRules = (
			);
			dependencies = (
			);
			name = compiler;
			productName = compiler;
			productReference = 7DDEE4AF271AD94E00892378 /* compiler */;
			productType = "com.apple.product-type.tool";
		};
/* End PBXNativeTarget section */

/* Begin PBXProject section */
		7DDEE4A7271AD94E00892378 /* Project object */ = {
			isa = PBXProject;
			attributes = {
				BuildIndependentTargetsInParallel = 1;
				LastSwiftUpdateCheck = 1300;
				LastUpgradeCheck = 1300;
				TargetAttributes = {
					7DDEE4AE271AD94E00892378 = {
						CreatedOnToolsVersion = 13.0;
					};
				};
			};
			buildConfigurationList = 7DDEE4AA271AD94E00892378 /* Build configuration list for PBXProject "compiler" */;
			compatibilityVersion = "Xcode 13.0";
			developmentRegion = en;
			hasScannedForEncodings = 0;
			knownRegions = (
				en,
				Base,
			);
			mainGroup = 7DDEE4A6271AD94E00892378;
			productRefGroup = 7DDEE4B0271AD94E00892378 /* Products */;
			projectDirPath = "";
			projectRoot = "";
			targets = (
				7DDEE4AE271AD94E00892378 /* compiler */,
			);
		};
/* End PBXProject section */

/* Begin PBXSourcesBuildPhase section */
		7DDEE4AB271AD94E00892378 /* Sources */ = {
			isa = PBXSourcesBuildPhase;
			buildActionMask = 2147483647;
			files = (
				7DDEE4BB27218DE600892378 /* Lexer.swift in Sources */,
				7DDEE4CA272190B600892378 /* SyntaxTree.swift in Sources */,
				7DDEE4C227218F9600892378 /* Exception.swift in Sources */,
				7DDEE4D4272191FB00892378 /* BinaryExpressionSyntax.swift in Sources */,
				7DDEE4C027218EF800892378 /* Evaluator.swift in Sources */,
				7DDEE4BE27218EA700892378 /* String+Extension.swift in Sources */,
				7DDEE4C82721905F00892378 /* SyntaxToken.swift in Sources */,
				7DDEE4C427218FD500892378 /* SyntaxKind.swift in Sources */,
				7DDEE4D02721918000892378 /* ExpressionSyntax.swift in Sources */,
				7DDEE4B3271AD94E00892378 /* main.swift in Sources */,
				7DDEE4CD2721914100892378 /* SyntaxNode.swift in Sources */,
				7DDEE4D62721921F00892378 /* ParenthesizedExpressionSyntax.swift in Sources */,
				7DDEE4C62721901F00892378 /* Parser.swift in Sources */,
				7DDEE4D2272191C000892378 /* NumberExpressionSyntax.swift in Sources */,
			);
			runOnlyForDeploymentPostprocessing = 0;
		};
/* End PBXSourcesBuildPhase section */

/* Begin XCBuildConfiguration section */
		7DDEE4B4271AD94E00892378 /* Debug */ = {
			isa = XCBuildConfiguration;
			buildSettings = {
				ALWAYS_SEARCH_USER_PATHS = NO;
				CLANG_ANALYZER_NONNULL = YES;
				CLANG_ANALYZER_NUMBER_OBJECT_CONVERSION = YES_AGGRESSIVE;
				CLANG_CXX_LANGUAGE_STANDARD = "gnu++17";
				CLANG_CXX_LIBRARY = "libc++";
				CLANG_ENABLE_MODULES = YES;
				CLANG_ENABLE_OBJC_ARC = YES;
				CLANG_ENABLE_OBJC_WEAK = YES;
				CLANG_WARN_BLOCK_CAPTURE_AUTORELEASING = YES;
				CLANG_WARN_BOOL_CONVERSION = YES;
				CLANG_WARN_COMMA = YES;
				CLANG_WARN_CONSTANT_CONVERSION = YES;
				CLANG_WARN_DEPRECATED_OBJC_IMPLEMENTATIONS = YES;
				CLANG_WARN_DIRECT_OBJC_ISA_USAGE = YES_ERROR;
				CLANG_WARN_DOCUMENTATION_COMMENTS = YES;
				CLANG_WARN_EMPTY_BODY = YES;
				CLANG_WARN_ENUM_CONVERSION = YES;
				CLANG_WARN_INFINITE_RECURSION = YES;
				CLANG_WARN_INT_CONVERSION = YES;
				CLANG_WARN_NON_LITERAL_NULL_CONVERSION = YES;
				CLANG_WARN_OBJC_IMPLICIT_RETAIN_SELF = YES;
				CLANG_WARN_OBJC_LITERAL_CONVERSION = YES;
				CLANG_WARN_OBJC_ROOT_CLASS = YES_ERROR;
				CLANG_WARN_QUOTED_INCLUDE_IN_FRAMEWORK_HEADER = YES;
				CLANG_WARN_RANGE_LOOP_ANALYSIS = YES;
				CLANG_WARN_STRICT_PROTOTYPES = YES;
				CLANG_WARN_SUSPICIOUS_MOVE = YES;
				CLANG_WARN_UNGUARDED_AVAILABILITY = YES_AGGRESSIVE;
				CLANG_WARN_UNREACHABLE_CODE = YES;
				CLANG_WARN__DUPLICATE_METHOD_MATCH = YES;
				COPY_PHASE_STRIP = NO;
				DEBUG_INFORMATION_FORMAT = dwarf;
				ENABLE_STRICT_OBJC_MSGSEND = YES;
				ENABLE_TESTABILITY = YES;
				GCC_C_LANGUAGE_STANDARD = gnu11;
				GCC_DYNAMIC_NO_PIC = NO;
				GCC_NO_COMMON_BLOCKS = YES;
				GCC_OPTIMIZATION_LEVEL = 0;
				GCC_PREPROCESSOR_DEFINITIONS = (
					"DEBUG=1",
					"$(inherited)",
				);
				GCC_WARN_64_TO_32_BIT_CONVERSION = YES;
				GCC_WARN_ABOUT_RETURN_TYPE = YES_ERROR;
				GCC_WARN_UNDECLARED_SELECTOR = YES;
				GCC_WARN_UNINITIALIZED_AUTOS = YES_AGGRESSIVE;
				GCC_WARN_UNUSED_FUNCTION = YES;
				GCC_WARN_UNUSED_VARIABLE = YES;
				MACOSX_DEPLOYMENT_TARGET = 11.3;
				MTL_ENABLE_DEBUG_INFO = INCLUDE_SOURCE;
				MTL_FAST_MATH = YES;
				ONLY_ACTIVE_ARCH = YES;
				SDKROOT = macosx;
				SWIFT_ACTIVE_COMPILATION_CONDITIONS = DEBUG;
				SWIFT_OPTIMIZATION_LEVEL = "-Onone";
			};
			name = Debug;
		};
		7DDEE4B5271AD94E00892378 /* Release */ = {
			isa = XCBuildConfiguration;
			buildSettings = {
				ALWAYS_SEARCH_USER_PATHS = NO;
				CLANG_ANALYZER_NONNULL = YES;
				CLANG_ANALYZER_NUMBER_OBJECT_CONVERSION = YES_AGGRESSIVE;
				CLANG_CXX_LANGUAGE_STANDARD = "gnu++17";
				CLANG_CXX_LIBRARY = "libc++";
				CLANG_ENABLE_MODULES = YES;
				CLANG_ENABLE_OBJC_ARC = YES;
				CLANG_ENABLE_OBJC_WEAK = YES;
				CLANG_WARN_BLOCK_CAPTURE_AUTORELEASING = YES;
				CLANG_WARN_BOOL_CONVERSION = YES;
				CLANG_WARN_COMMA = YES;
				CLANG_WARN_CONSTANT_CONVERSION = YES;
				CLANG_WARN_DEPRECATED_OBJC_IMPLEMENTATIONS = YES;
				CLANG_WARN_DIRECT_OBJC_ISA_USAGE = YES_ERROR;
				CLANG_WARN_DOCUMENTATION_COMMENTS = YES;
				CLANG_WARN_EMPTY_BODY = YES;
				CLANG_WARN_ENUM_CONVERSION = YES;
				CLANG_WARN_INFINITE_RECURSION = YES;
				CLANG_WARN_INT_CONVERSION = YES;
				CLANG_WARN_NON_LITERAL_NULL_CONVERSION = YES;
				CLANG_WARN_OBJC_IMPLICIT_RETAIN_SELF = YES;
				CLANG_WARN_OBJC_LITERAL_CONVERSION = YES;
				CLANG_WARN_OBJC_ROOT_CLASS = YES_ERROR;
				CLANG_WARN_QUOTED_INCLUDE_IN_FRAMEWORK_HEADER = YES;
				CLANG_WARN_RANGE_LOOP_ANALYSIS = YES;
				CLANG_WARN_STRICT_PROTOTYPES = YES;
				CLANG_WARN_SUSPICIOUS_MOVE = YES;
				CLANG_WARN_UNGUARDED_AVAILABILITY = YES_AGGRESSIVE;
				CLANG_WARN_UNREACHABLE_CODE = YES;
				CLANG_WARN__DUPLICATE_METHOD_MATCH = YES;
				COPY_PHASE_STRIP = NO;
				DEBUG_INFORMATION_FORMAT = "dwarf-with-dsym";
				ENABLE_NS_ASSERTIONS = NO;
				ENABLE_STRICT_OBJC_MSGSEND = YES;
				GCC_C_LANGUAGE_STANDARD = gnu11;
				GCC_NO_COMMON_BLOCKS = YES;
				GCC_WARN_64_TO_32_BIT_CONVERSION = YES;
				GCC_WARN_ABOUT_RETURN_TYPE = YES_ERROR;
				GCC_WARN_UNDECLARED_SELECTOR = YES;
				GCC_WARN_UNINITIALIZED_AUTOS = YES_AGGRESSIVE;
				GCC_WARN_UNUSED_FUNCTION = YES;
				GCC_WARN_UNUSED_VARIABLE = YES;
				MACOSX_DEPLOYMENT_TARGET = 11.3;
				MTL_ENABLE_DEBUG_INFO = NO;
				MTL_FAST_MATH = YES;
				SDKROOT = macosx;
				SWIFT_COMPILATION_MODE = wholemodule;
				SWIFT_OPTIMIZATION_LEVEL = "-O";
			};
			name = Release;
		};
		7DDEE4B7271AD94E00892378 /* Debug */ = {
			isa = XCBuildConfiguration;
			buildSettings = {
				CODE_SIGN_STYLE = Automatic;
				DEVELOPMENT_TEAM = 3NWMYS8K45;
				ENABLE_HARDENED_RUNTIME = YES;
				PRODUCT_NAME = "$(TARGET_NAME)";
				SWIFT_VERSION = 5.0;
			};
			name = Debug;
		};
		7DDEE4B8271AD94E00892378 /* Release */ = {
			isa = XCBuildConfiguration;
			buildSettings = {
				CODE_SIGN_STYLE = Automatic;
				DEVELOPMENT_TEAM = 3NWMYS8K45;
				ENABLE_HARDENED_RUNTIME = YES;
				PRODUCT_NAME = "$(TARGET_NAME)";
				SWIFT_VERSION = 5.0;
			};
			name = Release;
		};
/* End XCBuildConfiguration section */

/* Begin XCConfigurationList section */
		7DDEE4AA271AD94E00892378 /* Build configuration list for PBXProject "compiler" */ = {
			isa = XCConfigurationList;
			buildConfigurations = (
				7DDEE4B4271AD94E00892378 /* Debug */,
				7DDEE4B5271AD94E00892378 /* Release */,
			);
			defaultConfigurationIsVisible = 0;
			defaultConfigurationName = Release;
		};
		7DDEE4B6271AD94E00892378 /* Build configuration list for PBXNativeTarget "compiler" */ = {
			isa = XCConfigurationList;
			buildConfigurations = (
				7DDEE4B7271AD94E00892378 /* Debug */,
				7DDEE4B8271AD94E00892378 /* Release */,
			);
			defaultConfigurationIsVisible = 0;
			defaultConfigurationName = Release;
		};
/* End XCConfigurationList section */
	};
	rootObject = 7DDEE4A7271AD94E00892378 /* Project object */;
}
