// !$*UTF8*$!
{
	archiveVersion = 1;
	classes = {
	};
	objectVersion = 55;
	objects = {

/* Begin PBXBuildFile section */
		7DDEE4B3271AD94E00892378 /* main.swift in Sources */ = {isa = PBXBuildFile; fileRef = 7DDEE4B2271AD94E00892378 /* main.swift */; };
		7DEAD386273297D3008F0259 /* Winter.docc in Sources */ = {isa = PBXBuildFile; fileRef = 7DEAD385273297D3008F0259 /* Winter.docc */; };
		7DEAD387273297D3008F0259 /* Winter.h in Headers */ = {isa = PBXBuildFile; fileRef = 7DEAD384273297D3008F0259 /* Winter.h */; settings = {ATTRIBUTES = (Public, ); }; };
		7DEAD38E27329E7F008F0259 /* Winter.framework in Frameworks */ = {isa = PBXBuildFile; fileRef = 7DEAD382273297D3008F0259 /* Winter.framework */; };
		7DEAD38F27329E7F008F0259 /* Winter.framework in Embed Frameworks */ = {isa = PBXBuildFile; fileRef = 7DEAD382273297D3008F0259 /* Winter.framework */; settings = {ATTRIBUTES = (CodeSignOnCopy, RemoveHeadersOnCopy, ); }; };
		7DEAD3922732A0BE008F0259 /* String+Extension.swift in Sources */ = {isa = PBXBuildFile; fileRef = 7DDEE4BD27218EA700892378 /* String+Extension.swift */; };
		7DEAD3932732A0BE008F0259 /* Exception.swift in Sources */ = {isa = PBXBuildFile; fileRef = 7DDEE4C127218F9600892378 /* Exception.swift */; };
		7DEAD39B2732A426008F0259 /* LexerTests.swift in Sources */ = {isa = PBXBuildFile; fileRef = 7DEAD39A2732A426008F0259 /* LexerTests.swift */; };
		7DEAD39C2732A426008F0259 /* Winter.framework in Frameworks */ = {isa = PBXBuildFile; fileRef = 7DEAD382273297D3008F0259 /* Winter.framework */; };
		7DEAD3A22732A732008F0259 /* Lexer.swift in Sources */ = {isa = PBXBuildFile; fileRef = 7DDEE4BA27218DE600892378 /* Lexer.swift */; };
		7DEAD3A32732A732008F0259 /* Parser.swift in Sources */ = {isa = PBXBuildFile; fileRef = 7DDEE4C52721901F00892378 /* Parser.swift */; };
		7DEAD3A42732A732008F0259 /* SyntaxToken.swift in Sources */ = {isa = PBXBuildFile; fileRef = 7DDEE4C72721905F00892378 /* SyntaxToken.swift */; };
		7DEAD3A52732A732008F0259 /* SyntaxKind.swift in Sources */ = {isa = PBXBuildFile; fileRef = 7DDEE4C327218FD500892378 /* SyntaxKind.swift */; };
		7DEAD3A62732A732008F0259 /* SyntaxFacts.swift in Sources */ = {isa = PBXBuildFile; fileRef = 7DEAD2AA272A876E008F0259 /* SyntaxFacts.swift */; };
		7DEAD3A72732A732008F0259 /* SyntaxTree.swift in Sources */ = {isa = PBXBuildFile; fileRef = 7DDEE4C9272190B600892378 /* SyntaxTree.swift */; };
		7DEAD3A82732A742008F0259 /* VariableSymbol.swift.swift in Sources */ = {isa = PBXBuildFile; fileRef = 7DEAD2C627316774008F0259 /* VariableSymbol.swift.swift */; };
		7DEAD3A92732A742008F0259 /* DiagnosticBag.swift in Sources */ = {isa = PBXBuildFile; fileRef = 7DEAD2BC272EEB57008F0259 /* DiagnosticBag.swift */; };
		7DEAD3AA2732A742008F0259 /* Compilation.swift in Sources */ = {isa = PBXBuildFile; fileRef = 7DEAD2B4272EE0F7008F0259 /* Compilation.swift */; };
		7DEAD3AB2732A742008F0259 /* Diagnostic.swift in Sources */ = {isa = PBXBuildFile; fileRef = 7DEAD2BA272EE49D008F0259 /* Diagnostic.swift */; };
		7DEAD3AC2732A742008F0259 /* TextSpan.swift in Sources */ = {isa = PBXBuildFile; fileRef = 7DEAD2B8272EE47D008F0259 /* TextSpan.swift */; };
		7DEAD3AD2732A742008F0259 /* Evaluator.swift in Sources */ = {isa = PBXBuildFile; fileRef = 7DDEE4BF27218EF800892378 /* Evaluator.swift */; };
		7DEAD3AE2732A742008F0259 /* EvaluationResult.swift in Sources */ = {isa = PBXBuildFile; fileRef = 7DEAD2B6272EE117008F0259 /* EvaluationResult.swift */; };
		7DEAD3AF2732A74E008F0259 /* SyntaxNode.swift in Sources */ = {isa = PBXBuildFile; fileRef = 7DDEE4CC2721914100892378 /* SyntaxNode.swift */; };
		7DEAD3B02732A74E008F0259 /* ExpressionSyntax.swift in Sources */ = {isa = PBXBuildFile; fileRef = 7DDEE4CF2721918000892378 /* ExpressionSyntax.swift */; };
		7DEAD3B12732A74E008F0259 /* AssigmentExpressionSyntax.swift in Sources */ = {isa = PBXBuildFile; fileRef = 7DEAD2BE272F94D6008F0259 /* AssigmentExpressionSyntax.swift */; };
		7DEAD3B22732A74E008F0259 /* BinaryExpressionSyntax.swift in Sources */ = {isa = PBXBuildFile; fileRef = 7DDEE4D3272191FB00892378 /* BinaryExpressionSyntax.swift */; };
		7DEAD3B32732A74E008F0259 /* NameExpressionSyntax.swift in Sources */ = {isa = PBXBuildFile; fileRef = 7DEAD2C0272F951B008F0259 /* NameExpressionSyntax.swift */; };
		7DEAD3B42732A74E008F0259 /* ParenthesizedExpressionSyntax.swift in Sources */ = {isa = PBXBuildFile; fileRef = 7DDEE4D52721921F00892378 /* ParenthesizedExpressionSyntax.swift */; };
		7DEAD3B52732A74E008F0259 /* UnaryExpressionSyntax.swift in Sources */ = {isa = PBXBuildFile; fileRef = 7DEAD294272827B1008F0259 /* UnaryExpressionSyntax.swift */; };
		7DEAD3B62732A74E008F0259 /* LiteralExpressionSyntax.swift in Sources */ = {isa = PBXBuildFile; fileRef = 7DDEE4D1272191C000892378 /* LiteralExpressionSyntax.swift */; };
		7DEAD3B72732A75A008F0259 /* BoundNode.swift in Sources */ = {isa = PBXBuildFile; fileRef = 7DEAD29C27298BCE008F0259 /* BoundNode.swift */; };
		7DEAD3B82732A75A008F0259 /* BoundVariableExpression.swift in Sources */ = {isa = PBXBuildFile; fileRef = 7DEAD2C2272FD21B008F0259 /* BoundVariableExpression.swift */; };
		7DEAD3B92732A75A008F0259 /* BoundExpression.swift in Sources */ = {isa = PBXBuildFile; fileRef = 7DEAD29E27298C07008F0259 /* BoundExpression.swift */; };
		7DEAD3BA2732A75A008F0259 /* BoundUnaryOperatorKind.swift in Sources */ = {isa = PBXBuildFile; fileRef = 7DEAD2A027298C36008F0259 /* BoundUnaryOperatorKind.swift */; };
		7DEAD3BB2732A75A008F0259 /* BoundBinaryOperatorKind.swift in Sources */ = {isa = PBXBuildFile; fileRef = 7DEAD2A627298CCB008F0259 /* BoundBinaryOperatorKind.swift */; };
		7DEAD3BC2732A75A008F0259 /* BoundBinaryExpression.swift in Sources */ = {isa = PBXBuildFile; fileRef = 7DEAD2A827298CE2008F0259 /* BoundBinaryExpression.swift */; };
		7DEAD3BD2732A75A008F0259 /* Binder.swift in Sources */ = {isa = PBXBuildFile; fileRef = 7DEAD29827297570008F0259 /* Binder.swift */; };
		7DEAD3BE2732A75A008F0259 /* BoundUnaryOperator.swift in Sources */ = {isa = PBXBuildFile; fileRef = 7DEAD2B2272C04C4008F0259 /* BoundUnaryOperator.swift */; };
		7DEAD3BF2732A75A008F0259 /* BoundUnaryExpression.swift in Sources */ = {isa = PBXBuildFile; fileRef = 7DEAD2A227298C84008F0259 /* BoundUnaryExpression.swift */; };
		7DEAD3C02732A75A008F0259 /* BoundNodeKind.swift in Sources */ = {isa = PBXBuildFile; fileRef = 7DEAD29A27298BAC008F0259 /* BoundNodeKind.swift */; };
		7DEAD3C12732A75A008F0259 /* BoundLiteralExpression.swift in Sources */ = {isa = PBXBuildFile; fileRef = 7DEAD2A427298CA9008F0259 /* BoundLiteralExpression.swift */; };
		7DEAD3C22732A75A008F0259 /* BoundBinaryOperator.swift in Sources */ = {isa = PBXBuildFile; fileRef = 7DEAD2B0272C0496008F0259 /* BoundBinaryOperator.swift */; };
		7DEAD3C32732A75A008F0259 /* BoundAssignmentExpression.swift in Sources */ = {isa = PBXBuildFile; fileRef = 7DEAD2C4272FD479008F0259 /* BoundAssignmentExpression.swift */; };
		7DEAD3C7273A95B3008F0259 /* ParserTests.swift in Sources */ = {isa = PBXBuildFile; fileRef = 7DEAD3C6273A95B3008F0259 /* ParserTests.swift */; };
		7DEAD3C9273A97BB008F0259 /* SyntaxFactTests.swift in Sources */ = {isa = PBXBuildFile; fileRef = 7DEAD3C8273A97BB008F0259 /* SyntaxFactTests.swift */; };
		7DEAD3CB273FE48D008F0259 /* EvalutorTests.swift in Sources */ = {isa = PBXBuildFile; fileRef = 7DEAD3CA273FE48D008F0259 /* EvalutorTests.swift */; };
		7DEAD3CE2741833F008F0259 /* SourceText.swift in Sources */ = {isa = PBXBuildFile; fileRef = 7DEAD3CD2741833F008F0259 /* SourceText.swift */; };
		7DEAD3D027420DB5008F0259 /* TextLine.swift in Sources */ = {isa = PBXBuildFile; fileRef = 7DEAD3CF27420DB5008F0259 /* TextLine.swift */; };
		7DEAD3D22742B511008F0259 /* SourceTextTests.swift in Sources */ = {isa = PBXBuildFile; fileRef = 7DEAD3D12742B511008F0259 /* SourceTextTests.swift */; };
		7DEAD3D52742BD82008F0259 /* CompilationUnitSyntax.swift in Sources */ = {isa = PBXBuildFile; fileRef = 7DEAD3D42742BD82008F0259 /* CompilationUnitSyntax.swift */; };
		7DEAD3D72742C1F2008F0259 /* BoundScope.swift in Sources */ = {isa = PBXBuildFile; fileRef = 7DEAD3D62742C1F2008F0259 /* BoundScope.swift */; };
		7DEAD3D927435D1E008F0259 /* BoundGlobalScope.swift in Sources */ = {isa = PBXBuildFile; fileRef = 7DEAD3D827435D1E008F0259 /* BoundGlobalScope.swift */; };
		7DEAD3DB27455A9E008F0259 /* StatementSyntax.swift in Sources */ = {isa = PBXBuildFile; fileRef = 7DEAD3DA27455A9E008F0259 /* StatementSyntax.swift */; };
		7DEAD3DD27455AB5008F0259 /* BlockStatementSyntax.swift in Sources */ = {isa = PBXBuildFile; fileRef = 7DEAD3DC27455AB5008F0259 /* BlockStatementSyntax.swift */; };
		7DEAD3DF27455AD2008F0259 /* ExpressionStatementSyntax.swift in Sources */ = {isa = PBXBuildFile; fileRef = 7DEAD3DE27455AD2008F0259 /* ExpressionStatementSyntax.swift */; };
		7DEAD3E127456149008F0259 /* BoundStatement.swift in Sources */ = {isa = PBXBuildFile; fileRef = 7DEAD3E027456149008F0259 /* BoundStatement.swift */; };
		7DEAD3E3274561B4008F0259 /* BoundBlockStatement.swift in Sources */ = {isa = PBXBuildFile; fileRef = 7DEAD3E2274561B4008F0259 /* BoundBlockStatement.swift */; };
		7DEAD3E5274562D7008F0259 /* BoundExpressionStatement.swift in Sources */ = {isa = PBXBuildFile; fileRef = 7DEAD3E4274562D7008F0259 /* BoundExpressionStatement.swift */; };
		7DEAD3E727461F60008F0259 /* VariableDeclarationSyntax.swift in Sources */ = {isa = PBXBuildFile; fileRef = 7DEAD3E627461F60008F0259 /* VariableDeclarationSyntax.swift */; };
		7DEAD3E927462440008F0259 /* BoundVariableDeclaration.swift in Sources */ = {isa = PBXBuildFile; fileRef = 7DEAD3E827462440008F0259 /* BoundVariableDeclaration.swift */; };
/* End PBXBuildFile section */

/* Begin PBXContainerItemProxy section */
		7DEAD39027329E7F008F0259 /* PBXContainerItemProxy */ = {
			isa = PBXContainerItemProxy;
			containerPortal = 7DDEE4A7271AD94E00892378 /* Project object */;
			proxyType = 1;
			remoteGlobalIDString = 7DEAD381273297D3008F0259;
			remoteInfo = Winter;
		};
		7DEAD39D2732A426008F0259 /* PBXContainerItemProxy */ = {
			isa = PBXContainerItemProxy;
			containerPortal = 7DDEE4A7271AD94E00892378 /* Project object */;
			proxyType = 1;
			remoteGlobalIDString = 7DEAD381273297D3008F0259;
			remoteInfo = Winter;
		};
/* End PBXContainerItemProxy section */

/* Begin PBXCopyFilesBuildPhase section */
		7DDEE4AD271AD94E00892378 /* CopyFiles */ = {
			isa = PBXCopyFilesBuildPhase;
			buildActionMask = 2147483647;
			dstPath = /usr/share/man/man1/;
			dstSubfolderSpec = 0;
			files = (
			);
			runOnlyForDeploymentPostprocessing = 1;
		};
		7DEAD31B27328674008F0259 /* Embed Frameworks */ = {
			isa = PBXCopyFilesBuildPhase;
			buildActionMask = 2147483647;
			dstPath = "";
			dstSubfolderSpec = 10;
			files = (
				7DEAD38F27329E7F008F0259 /* Winter.framework in Embed Frameworks */,
			);
			name = "Embed Frameworks";
			runOnlyForDeploymentPostprocessing = 0;
		};
/* End PBXCopyFilesBuildPhase section */

/* Begin PBXFileReference section */
		7DDEE4AF271AD94E00892378 /* CommandRun */ = {isa = PBXFileReference; explicitFileType = "compiled.mach-o.executable"; includeInIndex = 0; path = CommandRun; sourceTree = BUILT_PRODUCTS_DIR; };
		7DDEE4B2271AD94E00892378 /* main.swift */ = {isa = PBXFileReference; lastKnownFileType = sourcecode.swift; path = main.swift; sourceTree = "<group>"; };
		7DDEE4BA27218DE600892378 /* Lexer.swift */ = {isa = PBXFileReference; lastKnownFileType = sourcecode.swift; path = Lexer.swift; sourceTree = "<group>"; };
		7DDEE4BD27218EA700892378 /* String+Extension.swift */ = {isa = PBXFileReference; lastKnownFileType = sourcecode.swift; path = "String+Extension.swift"; sourceTree = "<group>"; };
		7DDEE4BF27218EF800892378 /* Evaluator.swift */ = {isa = PBXFileReference; lastKnownFileType = sourcecode.swift; path = Evaluator.swift; sourceTree = "<group>"; };
		7DDEE4C127218F9600892378 /* Exception.swift */ = {isa = PBXFileReference; lastKnownFileType = sourcecode.swift; path = Exception.swift; sourceTree = "<group>"; };
		7DDEE4C327218FD500892378 /* SyntaxKind.swift */ = {isa = PBXFileReference; lastKnownFileType = sourcecode.swift; path = SyntaxKind.swift; sourceTree = "<group>"; };
		7DDEE4C52721901F00892378 /* Parser.swift */ = {isa = PBXFileReference; lastKnownFileType = sourcecode.swift; path = Parser.swift; sourceTree = "<group>"; };
		7DDEE4C72721905F00892378 /* SyntaxToken.swift */ = {isa = PBXFileReference; lastKnownFileType = sourcecode.swift; path = SyntaxToken.swift; sourceTree = "<group>"; };
		7DDEE4C9272190B600892378 /* SyntaxTree.swift */ = {isa = PBXFileReference; lastKnownFileType = sourcecode.swift; path = SyntaxTree.swift; sourceTree = "<group>"; };
		7DDEE4CC2721914100892378 /* SyntaxNode.swift */ = {isa = PBXFileReference; lastKnownFileType = sourcecode.swift; path = SyntaxNode.swift; sourceTree = "<group>"; };
		7DDEE4CF2721918000892378 /* ExpressionSyntax.swift */ = {isa = PBXFileReference; lastKnownFileType = sourcecode.swift; path = ExpressionSyntax.swift; sourceTree = "<group>"; };
		7DDEE4D1272191C000892378 /* LiteralExpressionSyntax.swift */ = {isa = PBXFileReference; lastKnownFileType = sourcecode.swift; path = LiteralExpressionSyntax.swift; sourceTree = "<group>"; };
		7DDEE4D3272191FB00892378 /* BinaryExpressionSyntax.swift */ = {isa = PBXFileReference; lastKnownFileType = sourcecode.swift; path = BinaryExpressionSyntax.swift; sourceTree = "<group>"; };
		7DDEE4D52721921F00892378 /* ParenthesizedExpressionSyntax.swift */ = {isa = PBXFileReference; lastKnownFileType = sourcecode.swift; path = ParenthesizedExpressionSyntax.swift; sourceTree = "<group>"; };
		7DEAD294272827B1008F0259 /* UnaryExpressionSyntax.swift */ = {isa = PBXFileReference; lastKnownFileType = sourcecode.swift; path = UnaryExpressionSyntax.swift; sourceTree = "<group>"; };
		7DEAD29827297570008F0259 /* Binder.swift */ = {isa = PBXFileReference; lastKnownFileType = sourcecode.swift; path = Binder.swift; sourceTree = "<group>"; };
		7DEAD29A27298BAC008F0259 /* BoundNodeKind.swift */ = {isa = PBXFileReference; lastKnownFileType = sourcecode.swift; path = BoundNodeKind.swift; sourceTree = "<group>"; };
		7DEAD29C27298BCE008F0259 /* BoundNode.swift */ = {isa = PBXFileReference; lastKnownFileType = sourcecode.swift; path = BoundNode.swift; sourceTree = "<group>"; };
		7DEAD29E27298C07008F0259 /* BoundExpression.swift */ = {isa = PBXFileReference; lastKnownFileType = sourcecode.swift; path = BoundExpression.swift; sourceTree = "<group>"; };
		7DEAD2A027298C36008F0259 /* BoundUnaryOperatorKind.swift */ = {isa = PBXFileReference; lastKnownFileType = sourcecode.swift; path = BoundUnaryOperatorKind.swift; sourceTree = "<group>"; };
		7DEAD2A227298C84008F0259 /* BoundUnaryExpression.swift */ = {isa = PBXFileReference; lastKnownFileType = sourcecode.swift; path = BoundUnaryExpression.swift; sourceTree = "<group>"; };
		7DEAD2A427298CA9008F0259 /* BoundLiteralExpression.swift */ = {isa = PBXFileReference; lastKnownFileType = sourcecode.swift; path = BoundLiteralExpression.swift; sourceTree = "<group>"; };
		7DEAD2A627298CCB008F0259 /* BoundBinaryOperatorKind.swift */ = {isa = PBXFileReference; lastKnownFileType = sourcecode.swift; path = BoundBinaryOperatorKind.swift; sourceTree = "<group>"; };
		7DEAD2A827298CE2008F0259 /* BoundBinaryExpression.swift */ = {isa = PBXFileReference; lastKnownFileType = sourcecode.swift; path = BoundBinaryExpression.swift; sourceTree = "<group>"; };
		7DEAD2AA272A876E008F0259 /* SyntaxFacts.swift */ = {isa = PBXFileReference; lastKnownFileType = sourcecode.swift; path = SyntaxFacts.swift; sourceTree = "<group>"; };
		7DEAD2B0272C0496008F0259 /* BoundBinaryOperator.swift */ = {isa = PBXFileReference; lastKnownFileType = sourcecode.swift; path = BoundBinaryOperator.swift; sourceTree = "<group>"; };
		7DEAD2B2272C04C4008F0259 /* BoundUnaryOperator.swift */ = {isa = PBXFileReference; lastKnownFileType = sourcecode.swift; path = BoundUnaryOperator.swift; sourceTree = "<group>"; };
		7DEAD2B4272EE0F7008F0259 /* Compilation.swift */ = {isa = PBXFileReference; lastKnownFileType = sourcecode.swift; path = Compilation.swift; sourceTree = "<group>"; };
		7DEAD2B6272EE117008F0259 /* EvaluationResult.swift */ = {isa = PBXFileReference; lastKnownFileType = sourcecode.swift; path = EvaluationResult.swift; sourceTree = "<group>"; };
		7DEAD2B8272EE47D008F0259 /* TextSpan.swift */ = {isa = PBXFileReference; lastKnownFileType = sourcecode.swift; path = TextSpan.swift; sourceTree = "<group>"; };
		7DEAD2BA272EE49D008F0259 /* Diagnostic.swift */ = {isa = PBXFileReference; lastKnownFileType = sourcecode.swift; path = Diagnostic.swift; sourceTree = "<group>"; };
		7DEAD2BC272EEB57008F0259 /* DiagnosticBag.swift */ = {isa = PBXFileReference; lastKnownFileType = sourcecode.swift; path = DiagnosticBag.swift; sourceTree = "<group>"; };
		7DEAD2BE272F94D6008F0259 /* AssigmentExpressionSyntax.swift */ = {isa = PBXFileReference; lastKnownFileType = sourcecode.swift; path = AssigmentExpressionSyntax.swift; sourceTree = "<group>"; };
		7DEAD2C0272F951B008F0259 /* NameExpressionSyntax.swift */ = {isa = PBXFileReference; lastKnownFileType = sourcecode.swift; path = NameExpressionSyntax.swift; sourceTree = "<group>"; };
		7DEAD2C2272FD21B008F0259 /* BoundVariableExpression.swift */ = {isa = PBXFileReference; lastKnownFileType = sourcecode.swift; path = BoundVariableExpression.swift; sourceTree = "<group>"; };
		7DEAD2C4272FD479008F0259 /* BoundAssignmentExpression.swift */ = {isa = PBXFileReference; lastKnownFileType = sourcecode.swift; path = BoundAssignmentExpression.swift; sourceTree = "<group>"; };
		7DEAD2C627316774008F0259 /* VariableSymbol.swift.swift */ = {isa = PBXFileReference; lastKnownFileType = sourcecode.swift; path = VariableSymbol.swift.swift; sourceTree = "<group>"; };
		7DEAD382273297D3008F0259 /* Winter.framework */ = {isa = PBXFileReference; explicitFileType = wrapper.framework; includeInIndex = 0; path = Winter.framework; sourceTree = BUILT_PRODUCTS_DIR; };
		7DEAD384273297D3008F0259 /* Winter.h */ = {isa = PBXFileReference; lastKnownFileType = sourcecode.c.h; path = Winter.h; sourceTree = "<group>"; };
		7DEAD385273297D3008F0259 /* Winter.docc */ = {isa = PBXFileReference; lastKnownFileType = folder.documentationcatalog; path = Winter.docc; sourceTree = "<group>"; };
		7DEAD3982732A426008F0259 /* WinterTests.xctest */ = {isa = PBXFileReference; explicitFileType = wrapper.cfbundle; includeInIndex = 0; path = WinterTests.xctest; sourceTree = BUILT_PRODUCTS_DIR; };
		7DEAD39A2732A426008F0259 /* LexerTests.swift */ = {isa = PBXFileReference; lastKnownFileType = sourcecode.swift; path = LexerTests.swift; sourceTree = "<group>"; };
		7DEAD3C6273A95B3008F0259 /* ParserTests.swift */ = {isa = PBXFileReference; lastKnownFileType = sourcecode.swift; path = ParserTests.swift; sourceTree = "<group>"; };
		7DEAD3C8273A97BB008F0259 /* SyntaxFactTests.swift */ = {isa = PBXFileReference; lastKnownFileType = sourcecode.swift; path = SyntaxFactTests.swift; sourceTree = "<group>"; };
		7DEAD3CA273FE48D008F0259 /* EvalutorTests.swift */ = {isa = PBXFileReference; lastKnownFileType = sourcecode.swift; path = EvalutorTests.swift; sourceTree = "<group>"; };
		7DEAD3CD2741833F008F0259 /* SourceText.swift */ = {isa = PBXFileReference; lastKnownFileType = sourcecode.swift; path = SourceText.swift; sourceTree = "<group>"; };
		7DEAD3CF27420DB5008F0259 /* TextLine.swift */ = {isa = PBXFileReference; lastKnownFileType = sourcecode.swift; path = TextLine.swift; sourceTree = "<group>"; };
		7DEAD3D12742B511008F0259 /* SourceTextTests.swift */ = {isa = PBXFileReference; lastKnownFileType = sourcecode.swift; path = SourceTextTests.swift; sourceTree = "<group>"; };
		7DEAD3D42742BD82008F0259 /* CompilationUnitSyntax.swift */ = {isa = PBXFileReference; lastKnownFileType = sourcecode.swift; path = CompilationUnitSyntax.swift; sourceTree = "<group>"; };
		7DEAD3D62742C1F2008F0259 /* BoundScope.swift */ = {isa = PBXFileReference; lastKnownFileType = sourcecode.swift; path = BoundScope.swift; sourceTree = "<group>"; };
		7DEAD3D827435D1E008F0259 /* BoundGlobalScope.swift */ = {isa = PBXFileReference; lastKnownFileType = sourcecode.swift; path = BoundGlobalScope.swift; sourceTree = "<group>"; };
		7DEAD3DA27455A9E008F0259 /* StatementSyntax.swift */ = {isa = PBXFileReference; lastKnownFileType = sourcecode.swift; path = StatementSyntax.swift; sourceTree = "<group>"; };
		7DEAD3DC27455AB5008F0259 /* BlockStatementSyntax.swift */ = {isa = PBXFileReference; lastKnownFileType = sourcecode.swift; path = BlockStatementSyntax.swift; sourceTree = "<group>"; };
		7DEAD3DE27455AD2008F0259 /* ExpressionStatementSyntax.swift */ = {isa = PBXFileReference; lastKnownFileType = sourcecode.swift; path = ExpressionStatementSyntax.swift; sourceTree = "<group>"; };
		7DEAD3E027456149008F0259 /* BoundStatement.swift */ = {isa = PBXFileReference; lastKnownFileType = sourcecode.swift; path = BoundStatement.swift; sourceTree = "<group>"; };
		7DEAD3E2274561B4008F0259 /* BoundBlockStatement.swift */ = {isa = PBXFileReference; lastKnownFileType = sourcecode.swift; path = BoundBlockStatement.swift; sourceTree = "<group>"; };
		7DEAD3E4274562D7008F0259 /* BoundExpressionStatement.swift */ = {isa = PBXFileReference; lastKnownFileType = sourcecode.swift; path = BoundExpressionStatement.swift; sourceTree = "<group>"; };
		7DEAD3E627461F60008F0259 /* VariableDeclarationSyntax.swift */ = {isa = PBXFileReference; lastKnownFileType = sourcecode.swift; path = VariableDeclarationSyntax.swift; sourceTree = "<group>"; };
		7DEAD3E827462440008F0259 /* BoundVariableDeclaration.swift */ = {isa = PBXFileReference; lastKnownFileType = sourcecode.swift; path = BoundVariableDeclaration.swift; sourceTree = "<group>"; };
/* End PBXFileReference section */

/* Begin PBXFrameworksBuildPhase section */
		7DDEE4AC271AD94E00892378 /* Frameworks */ = {
			isa = PBXFrameworksBuildPhase;
			buildActionMask = 2147483647;
			files = (
				7DEAD38E27329E7F008F0259 /* Winter.framework in Frameworks */,
			);
			runOnlyForDeploymentPostprocessing = 0;
		};
		7DEAD37F273297D3008F0259 /* Frameworks */ = {
			isa = PBXFrameworksBuildPhase;
			buildActionMask = 2147483647;
			files = (
			);
			runOnlyForDeploymentPostprocessing = 0;
		};
		7DEAD3952732A426008F0259 /* Frameworks */ = {
			isa = PBXFrameworksBuildPhase;
			buildActionMask = 2147483647;
			files = (
				7DEAD39C2732A426008F0259 /* Winter.framework in Frameworks */,
			);
			runOnlyForDeploymentPostprocessing = 0;
		};
/* End PBXFrameworksBuildPhase section */

/* Begin PBXGroup section */
		7DDEE4A6271AD94E00892378 = {
			isa = PBXGroup;
			children = (
				7DDEE4B1271AD94E00892378 /* CommandRun */,
				7DEAD383273297D3008F0259 /* Winter */,
				7DEAD3992732A426008F0259 /* WinterTests */,
				7DDEE4B0271AD94E00892378 /* Products */,
				7DEAD38D27329E7F008F0259 /* Frameworks */,
			);
			sourceTree = "<group>";
		};
		7DDEE4B0271AD94E00892378 /* Products */ = {
			isa = PBXGroup;
			children = (
				7DDEE4AF271AD94E00892378 /* CommandRun */,
				7DEAD382273297D3008F0259 /* Winter.framework */,
				7DEAD3982732A426008F0259 /* WinterTests.xctest */,
			);
			name = Products;
			sourceTree = "<group>";
		};
		7DDEE4B1271AD94E00892378 /* CommandRun */ = {
			isa = PBXGroup;
			children = (
				7DDEE4B2271AD94E00892378 /* main.swift */,
			);
			path = CommandRun;
			sourceTree = "<group>";
		};
		7DDEE4B927218D2800892378 /* CodeAnalysis */ = {
			isa = PBXGroup;
			children = (
				7DEAD3CC274182AF008F0259 /* Text */,
				7DEAD29727297550008F0259 /* Binding */,
				7DEAD29627297488008F0259 /* Syntax */,
				7DDEE4BF27218EF800892378 /* Evaluator.swift */,
				7DEAD2B4272EE0F7008F0259 /* Compilation.swift */,
				7DEAD2B6272EE117008F0259 /* EvaluationResult.swift */,
				7DEAD2BA272EE49D008F0259 /* Diagnostic.swift */,
				7DEAD2BC272EEB57008F0259 /* DiagnosticBag.swift */,
				7DEAD2C627316774008F0259 /* VariableSymbol.swift.swift */,
			);
			path = CodeAnalysis;
			sourceTree = "<group>";
		};
		7DDEE4CB2721912000892378 /* Expressions */ = {
			isa = PBXGroup;
			children = (
				7DDEE4CC2721914100892378 /* SyntaxNode.swift */,
				7DDEE4CF2721918000892378 /* ExpressionSyntax.swift */,
				7DDEE4D1272191C000892378 /* LiteralExpressionSyntax.swift */,
				7DDEE4D3272191FB00892378 /* BinaryExpressionSyntax.swift */,
				7DEAD294272827B1008F0259 /* UnaryExpressionSyntax.swift */,
				7DDEE4D52721921F00892378 /* ParenthesizedExpressionSyntax.swift */,
				7DEAD2BE272F94D6008F0259 /* AssigmentExpressionSyntax.swift */,
				7DEAD2C0272F951B008F0259 /* NameExpressionSyntax.swift */,
			);
			path = Expressions;
			sourceTree = "<group>";
		};
		7DEAD29627297488008F0259 /* Syntax */ = {
			isa = PBXGroup;
			children = (
				7DDEE4CB2721912000892378 /* Expressions */,
				7DDEE4BA27218DE600892378 /* Lexer.swift */,
				7DDEE4C327218FD500892378 /* SyntaxKind.swift */,
				7DDEE4C52721901F00892378 /* Parser.swift */,
				7DDEE4C72721905F00892378 /* SyntaxToken.swift */,
				7DDEE4C9272190B600892378 /* SyntaxTree.swift */,
				7DEAD2AA272A876E008F0259 /* SyntaxFacts.swift */,
				7DEAD3D42742BD82008F0259 /* CompilationUnitSyntax.swift */,
				7DEAD3DE27455AD2008F0259 /* ExpressionStatementSyntax.swift */,
				7DEAD3DC27455AB5008F0259 /* BlockStatementSyntax.swift */,
				7DEAD3DA27455A9E008F0259 /* StatementSyntax.swift */,
				7DEAD3E627461F60008F0259 /* VariableDeclarationSyntax.swift */,
			);
			path = Syntax;
			sourceTree = "<group>";
		};
		7DEAD29727297550008F0259 /* Binding */ = {
			isa = PBXGroup;
			children = (
				7DEAD29827297570008F0259 /* Binder.swift */,
				7DEAD3E827462440008F0259 /* BoundVariableDeclaration.swift */,
				7DEAD29E27298C07008F0259 /* BoundExpression.swift */,
				7DEAD29A27298BAC008F0259 /* BoundNodeKind.swift */,
				7DEAD29C27298BCE008F0259 /* BoundNode.swift */,
				7DEAD2A027298C36008F0259 /* BoundUnaryOperatorKind.swift */,
				7DEAD2A227298C84008F0259 /* BoundUnaryExpression.swift */,
				7DEAD2A427298CA9008F0259 /* BoundLiteralExpression.swift */,
				7DEAD2A627298CCB008F0259 /* BoundBinaryOperatorKind.swift */,
				7DEAD2A827298CE2008F0259 /* BoundBinaryExpression.swift */,
				7DEAD2B0272C0496008F0259 /* BoundBinaryOperator.swift */,
				7DEAD2B2272C04C4008F0259 /* BoundUnaryOperator.swift */,
				7DEAD2C2272FD21B008F0259 /* BoundVariableExpression.swift */,
				7DEAD2C4272FD479008F0259 /* BoundAssignmentExpression.swift */,
				7DEAD3D62742C1F2008F0259 /* BoundScope.swift */,
				7DEAD3D827435D1E008F0259 /* BoundGlobalScope.swift */,
				7DEAD3E027456149008F0259 /* BoundStatement.swift */,
				7DEAD3E2274561B4008F0259 /* BoundBlockStatement.swift */,
				7DEAD3E4274562D7008F0259 /* BoundExpressionStatement.swift */,
			);
			path = Binding;
			sourceTree = "<group>";
		};
		7DEAD383273297D3008F0259 /* Winter */ = {
			isa = PBXGroup;
			children = (
				7DEAD384273297D3008F0259 /* Winter.h */,
				7DEAD385273297D3008F0259 /* Winter.docc */,
				7DDEE4B927218D2800892378 /* CodeAnalysis */,
				7DDEE4BD27218EA700892378 /* String+Extension.swift */,
				7DDEE4C127218F9600892378 /* Exception.swift */,
			);
			path = Winter;
			sourceTree = "<group>";
		};
		7DEAD38D27329E7F008F0259 /* Frameworks */ = {
			isa = PBXGroup;
			children = (
			);
			name = Frameworks;
			sourceTree = "<group>";
		};
		7DEAD3992732A426008F0259 /* WinterTests */ = {
			isa = PBXGroup;
			children = (
				7DEAD3C4273A93CB008F0259 /* CodeAnalysis */,
			);
			path = WinterTests;
			sourceTree = "<group>";
		};
		7DEAD3C4273A93CB008F0259 /* CodeAnalysis */ = {
			isa = PBXGroup;
			children = (
				7DEAD3D32742B623008F0259 /* Text */,
				7DEAD3C5273A93F1008F0259 /* Syntax */,
				7DEAD3CA273FE48D008F0259 /* EvalutorTests.swift */,
			);
			path = CodeAnalysis;
			sourceTree = "<group>";
		};
		7DEAD3C5273A93F1008F0259 /* Syntax */ = {
			isa = PBXGroup;
			children = (
				7DEAD3C8273A97BB008F0259 /* SyntaxFactTests.swift */,
				7DEAD3C6273A95B3008F0259 /* ParserTests.swift */,
				7DEAD39A2732A426008F0259 /* LexerTests.swift */,
			);
			path = Syntax;
			sourceTree = "<group>";
		};
		7DEAD3CC274182AF008F0259 /* Text */ = {
			isa = PBXGroup;
			children = (
				7DEAD2B8272EE47D008F0259 /* TextSpan.swift */,
				7DEAD3CD2741833F008F0259 /* SourceText.swift */,
				7DEAD3CF27420DB5008F0259 /* TextLine.swift */,
			);
			path = Text;
			sourceTree = "<group>";
		};
		7DEAD3D32742B623008F0259 /* Text */ = {
			isa = PBXGroup;
			children = (
				7DEAD3D12742B511008F0259 /* SourceTextTests.swift */,
			);
			path = Text;
			sourceTree = "<group>";
		};
/* End PBXGroup section */

/* Begin PBXHeadersBuildPhase section */
		7DEAD37D273297D3008F0259 /* Headers */ = {
			isa = PBXHeadersBuildPhase;
			buildActionMask = 2147483647;
			files = (
				7DEAD387273297D3008F0259 /* Winter.h in Headers */,
			);
			runOnlyForDeploymentPostprocessing = 0;
		};
/* End PBXHeadersBuildPhase section */

/* Begin PBXNativeTarget section */
		7DDEE4AE271AD94E00892378 /* CommandRun */ = {
			isa = PBXNativeTarget;
			buildConfigurationList = 7DDEE4B6271AD94E00892378 /* Build configuration list for PBXNativeTarget "CommandRun" */;
			buildPhases = (
				7DDEE4AB271AD94E00892378 /* Sources */,
				7DDEE4AC271AD94E00892378 /* Frameworks */,
				7DDEE4AD271AD94E00892378 /* CopyFiles */,
				7DEAD31B27328674008F0259 /* Embed Frameworks */,
			);
			buildRules = (
			);
			dependencies = (
				7DEAD39127329E7F008F0259 /* PBXTargetDependency */,
			);
			name = CommandRun;
			productName = compiler;
			productReference = 7DDEE4AF271AD94E00892378 /* CommandRun */;
			productType = "com.apple.product-type.tool";
		};
		7DEAD381273297D3008F0259 /* Winter */ = {
			isa = PBXNativeTarget;
			buildConfigurationList = 7DEAD388273297D3008F0259 /* Build configuration list for PBXNativeTarget "Winter" */;
			buildPhases = (
				7DEAD37D273297D3008F0259 /* Headers */,
				7DEAD37E273297D3008F0259 /* Sources */,
				7DEAD37F273297D3008F0259 /* Frameworks */,
				7DEAD380273297D3008F0259 /* Resources */,
			);
			buildRules = (
			);
			dependencies = (
			);
			name = Winter;
			productName = Winter;
			productReference = 7DEAD382273297D3008F0259 /* Winter.framework */;
			productType = "com.apple.product-type.framework";
		};
		7DEAD3972732A426008F0259 /* WinterTests */ = {
			isa = PBXNativeTarget;
			buildConfigurationList = 7DEAD39F2732A426008F0259 /* Build configuration list for PBXNativeTarget "WinterTests" */;
			buildPhases = (
				7DEAD3942732A426008F0259 /* Sources */,
				7DEAD3952732A426008F0259 /* Frameworks */,
				7DEAD3962732A426008F0259 /* Resources */,
			);
			buildRules = (
			);
			dependencies = (
				7DEAD39E2732A426008F0259 /* PBXTargetDependency */,
			);
			name = WinterTests;
			productName = WinterTests;
			productReference = 7DEAD3982732A426008F0259 /* WinterTests.xctest */;
			productType = "com.apple.product-type.bundle.unit-test";
		};
/* End PBXNativeTarget section */

/* Begin PBXProject section */
		7DDEE4A7271AD94E00892378 /* Project object */ = {
			isa = PBXProject;
			attributes = {
				BuildIndependentTargetsInParallel = 1;
				LastSwiftUpdateCheck = 1310;
				LastUpgradeCheck = 1310;
				TargetAttributes = {
					7DDEE4AE271AD94E00892378 = {
						CreatedOnToolsVersion = 13.0;
					};
					7DEAD381273297D3008F0259 = {
						CreatedOnToolsVersion = 13.1;
					};
					7DEAD3972732A426008F0259 = {
						CreatedOnToolsVersion = 13.1;
					};
				};
			};
			buildConfigurationList = 7DDEE4AA271AD94E00892378 /* Build configuration list for PBXProject "compiler" */;
			compatibilityVersion = "Xcode 13.0";
			developmentRegion = en;
			hasScannedForEncodings = 0;
			knownRegions = (
				en,
				Base,
			);
			mainGroup = 7DDEE4A6271AD94E00892378;
			productRefGroup = 7DDEE4B0271AD94E00892378 /* Products */;
			projectDirPath = "";
			projectRoot = "";
			targets = (
				7DDEE4AE271AD94E00892378 /* CommandRun */,
				7DEAD381273297D3008F0259 /* Winter */,
				7DEAD3972732A426008F0259 /* WinterTests */,
			);
		};
/* End PBXProject section */

/* Begin PBXResourcesBuildPhase section */
		7DEAD380273297D3008F0259 /* Resources */ = {
			isa = PBXResourcesBuildPhase;
			buildActionMask = 2147483647;
			files = (
			);
			runOnlyForDeploymentPostprocessing = 0;
		};
		7DEAD3962732A426008F0259 /* Resources */ = {
			isa = PBXResourcesBuildPhase;
			buildActionMask = 2147483647;
			files = (
			);
			runOnlyForDeploymentPostprocessing = 0;
		};
/* End PBXResourcesBuildPhase section */

/* Begin PBXSourcesBuildPhase section */
		7DDEE4AB271AD94E00892378 /* Sources */ = {
			isa = PBXSourcesBuildPhase;
			buildActionMask = 2147483647;
			files = (
				7DDEE4B3271AD94E00892378 /* main.swift in Sources */,
			);
			runOnlyForDeploymentPostprocessing = 0;
		};
		7DEAD37E273297D3008F0259 /* Sources */ = {
			isa = PBXSourcesBuildPhase;
			buildActionMask = 2147483647;
			files = (
				7DEAD3B52732A74E008F0259 /* UnaryExpressionSyntax.swift in Sources */,
				7DEAD386273297D3008F0259 /* Winter.docc in Sources */,
				7DEAD3A92732A742008F0259 /* DiagnosticBag.swift in Sources */,
				7DEAD3E727461F60008F0259 /* VariableDeclarationSyntax.swift in Sources */,
				7DEAD3CE2741833F008F0259 /* SourceText.swift in Sources */,
				7DEAD3D52742BD82008F0259 /* CompilationUnitSyntax.swift in Sources */,
				7DEAD3B72732A75A008F0259 /* BoundNode.swift in Sources */,
				7DEAD3D027420DB5008F0259 /* TextLine.swift in Sources */,
				7DEAD3AB2732A742008F0259 /* Diagnostic.swift in Sources */,
				7DEAD3A72732A732008F0259 /* SyntaxTree.swift in Sources */,
				7DEAD3BE2732A75A008F0259 /* BoundUnaryOperator.swift in Sources */,
				7DEAD3E3274561B4008F0259 /* BoundBlockStatement.swift in Sources */,
				7DEAD3AA2732A742008F0259 /* Compilation.swift in Sources */,
				7DEAD3C02732A75A008F0259 /* BoundNodeKind.swift in Sources */,
				7DEAD3AD2732A742008F0259 /* Evaluator.swift in Sources */,
				7DEAD3B12732A74E008F0259 /* AssigmentExpressionSyntax.swift in Sources */,
				7DEAD3932732A0BE008F0259 /* Exception.swift in Sources */,
				7DEAD3BD2732A75A008F0259 /* Binder.swift in Sources */,
				7DEAD3C32732A75A008F0259 /* BoundAssignmentExpression.swift in Sources */,
				7DEAD3A32732A732008F0259 /* Parser.swift in Sources */,
				7DEAD3B92732A75A008F0259 /* BoundExpression.swift in Sources */,
				7DEAD3BB2732A75A008F0259 /* BoundBinaryOperatorKind.swift in Sources */,
				7DEAD3BC2732A75A008F0259 /* BoundBinaryExpression.swift in Sources */,
				7DEAD3B02732A74E008F0259 /* ExpressionSyntax.swift in Sources */,
				7DEAD3AE2732A742008F0259 /* EvaluationResult.swift in Sources */,
				7DEAD3B22732A74E008F0259 /* BinaryExpressionSyntax.swift in Sources */,
				7DEAD3B32732A74E008F0259 /* NameExpressionSyntax.swift in Sources */,
				7DEAD3A22732A732008F0259 /* Lexer.swift in Sources */,
				7DEAD3B82732A75A008F0259 /* BoundVariableExpression.swift in Sources */,
				7DEAD3E927462440008F0259 /* BoundVariableDeclaration.swift in Sources */,
				7DEAD3A62732A732008F0259 /* SyntaxFacts.swift in Sources */,
				7DEAD3A82732A742008F0259 /* VariableSymbol.swift.swift in Sources */,
				7DEAD3BF2732A75A008F0259 /* BoundUnaryExpression.swift in Sources */,
				7DEAD3AC2732A742008F0259 /* TextSpan.swift in Sources */,
				7DEAD3C12732A75A008F0259 /* BoundLiteralExpression.swift in Sources */,
				7DEAD3E127456149008F0259 /* BoundStatement.swift in Sources */,
				7DEAD3A42732A732008F0259 /* SyntaxToken.swift in Sources */,
				7DEAD3C22732A75A008F0259 /* BoundBinaryOperator.swift in Sources */,
				7DEAD3DF27455AD2008F0259 /* ExpressionStatementSyntax.swift in Sources */,
				7DEAD3D72742C1F2008F0259 /* BoundScope.swift in Sources */,
				7DEAD3AF2732A74E008F0259 /* SyntaxNode.swift in Sources */,
				7DEAD3E5274562D7008F0259 /* BoundExpressionStatement.swift in Sources */,
				7DEAD3DD27455AB5008F0259 /* BlockStatementSyntax.swift in Sources */,
				7DEAD3B62732A74E008F0259 /* LiteralExpressionSyntax.swift in Sources */,
				7DEAD3BA2732A75A008F0259 /* BoundUnaryOperatorKind.swift in Sources */,
				7DEAD3DB27455A9E008F0259 /* StatementSyntax.swift in Sources */,
				7DEAD3D927435D1E008F0259 /* BoundGlobalScope.swift in Sources */,
				7DEAD3922732A0BE008F0259 /* String+Extension.swift in Sources */,
				7DEAD3A52732A732008F0259 /* SyntaxKind.swift in Sources */,
				7DEAD3B42732A74E008F0259 /* ParenthesizedExpressionSyntax.swift in Sources */,
			);
			runOnlyForDeploymentPostprocessing = 0;
		};
		7DEAD3942732A426008F0259 /* Sources */ = {
			isa = PBXSourcesBuildPhase;
			buildActionMask = 2147483647;
			files = (
				7DEAD3C9273A97BB008F0259 /* SyntaxFactTests.swift in Sources */,
				7DEAD3C7273A95B3008F0259 /* ParserTests.swift in Sources */,
				7DEAD3D22742B511008F0259 /* SourceTextTests.swift in Sources */,
				7DEAD39B2732A426008F0259 /* LexerTests.swift in Sources */,
				7DEAD3CB273FE48D008F0259 /* EvalutorTests.swift in Sources */,
			);
			runOnlyForDeploymentPostprocessing = 0;
		};
/* End PBXSourcesBuildPhase section */

/* Begin PBXTargetDependency section */
		7DEAD39127329E7F008F0259 /* PBXTargetDependency */ = {
			isa = PBXTargetDependency;
			target = 7DEAD381273297D3008F0259 /* Winter */;
			targetProxy = 7DEAD39027329E7F008F0259 /* PBXContainerItemProxy */;
		};
		7DEAD39E2732A426008F0259 /* PBXTargetDependency */ = {
			isa = PBXTargetDependency;
			target = 7DEAD381273297D3008F0259 /* Winter */;
			targetProxy = 7DEAD39D2732A426008F0259 /* PBXContainerItemProxy */;
		};
/* End PBXTargetDependency section */

/* Begin XCBuildConfiguration section */
		7DDEE4B4271AD94E00892378 /* Debug */ = {
			isa = XCBuildConfiguration;
			buildSettings = {
				ALWAYS_SEARCH_USER_PATHS = NO;
				CLANG_ANALYZER_NONNULL = YES;
				CLANG_ANALYZER_NUMBER_OBJECT_CONVERSION = YES_AGGRESSIVE;
				CLANG_CXX_LANGUAGE_STANDARD = "gnu++17";
				CLANG_CXX_LIBRARY = "libc++";
				CLANG_ENABLE_MODULES = YES;
				CLANG_ENABLE_OBJC_ARC = YES;
				CLANG_ENABLE_OBJC_WEAK = YES;
				CLANG_WARN_BLOCK_CAPTURE_AUTORELEASING = YES;
				CLANG_WARN_BOOL_CONVERSION = YES;
				CLANG_WARN_COMMA = YES;
				CLANG_WARN_CONSTANT_CONVERSION = YES;
				CLANG_WARN_DEPRECATED_OBJC_IMPLEMENTATIONS = YES;
				CLANG_WARN_DIRECT_OBJC_ISA_USAGE = YES_ERROR;
				CLANG_WARN_DOCUMENTATION_COMMENTS = YES;
				CLANG_WARN_EMPTY_BODY = YES;
				CLANG_WARN_ENUM_CONVERSION = YES;
				CLANG_WARN_INFINITE_RECURSION = YES;
				CLANG_WARN_INT_CONVERSION = YES;
				CLANG_WARN_NON_LITERAL_NULL_CONVERSION = YES;
				CLANG_WARN_OBJC_IMPLICIT_RETAIN_SELF = YES;
				CLANG_WARN_OBJC_LITERAL_CONVERSION = YES;
				CLANG_WARN_OBJC_ROOT_CLASS = YES_ERROR;
				CLANG_WARN_QUOTED_INCLUDE_IN_FRAMEWORK_HEADER = YES;
				CLANG_WARN_RANGE_LOOP_ANALYSIS = YES;
				CLANG_WARN_STRICT_PROTOTYPES = YES;
				CLANG_WARN_SUSPICIOUS_MOVE = YES;
				CLANG_WARN_UNGUARDED_AVAILABILITY = YES_AGGRESSIVE;
				CLANG_WARN_UNREACHABLE_CODE = YES;
				CLANG_WARN__DUPLICATE_METHOD_MATCH = YES;
				COPY_PHASE_STRIP = NO;
				DEBUG_INFORMATION_FORMAT = dwarf;
				ENABLE_STRICT_OBJC_MSGSEND = YES;
				ENABLE_TESTABILITY = YES;
				GCC_C_LANGUAGE_STANDARD = gnu11;
				GCC_DYNAMIC_NO_PIC = NO;
				GCC_NO_COMMON_BLOCKS = YES;
				GCC_OPTIMIZATION_LEVEL = 0;
				GCC_PREPROCESSOR_DEFINITIONS = (
					"DEBUG=1",
					"$(inherited)",
				);
				GCC_WARN_64_TO_32_BIT_CONVERSION = YES;
				GCC_WARN_ABOUT_RETURN_TYPE = YES_ERROR;
				GCC_WARN_UNDECLARED_SELECTOR = YES;
				GCC_WARN_UNINITIALIZED_AUTOS = YES_AGGRESSIVE;
				GCC_WARN_UNUSED_FUNCTION = YES;
				GCC_WARN_UNUSED_VARIABLE = YES;
				MACOSX_DEPLOYMENT_TARGET = 12.0;
				MTL_ENABLE_DEBUG_INFO = INCLUDE_SOURCE;
				MTL_FAST_MATH = YES;
				ONLY_ACTIVE_ARCH = YES;
				SDKROOT = macosx;
				SWIFT_ACTIVE_COMPILATION_CONDITIONS = DEBUG;
				SWIFT_OPTIMIZATION_LEVEL = "-Onone";
			};
			name = Debug;
		};
		7DDEE4B5271AD94E00892378 /* Release */ = {
			isa = XCBuildConfiguration;
			buildSettings = {
				ALWAYS_SEARCH_USER_PATHS = NO;
				CLANG_ANALYZER_NONNULL = YES;
				CLANG_ANALYZER_NUMBER_OBJECT_CONVERSION = YES_AGGRESSIVE;
				CLANG_CXX_LANGUAGE_STANDARD = "gnu++17";
				CLANG_CXX_LIBRARY = "libc++";
				CLANG_ENABLE_MODULES = YES;
				CLANG_ENABLE_OBJC_ARC = YES;
				CLANG_ENABLE_OBJC_WEAK = YES;
				CLANG_WARN_BLOCK_CAPTURE_AUTORELEASING = YES;
				CLANG_WARN_BOOL_CONVERSION = YES;
				CLANG_WARN_COMMA = YES;
				CLANG_WARN_CONSTANT_CONVERSION = YES;
				CLANG_WARN_DEPRECATED_OBJC_IMPLEMENTATIONS = YES;
				CLANG_WARN_DIRECT_OBJC_ISA_USAGE = YES_ERROR;
				CLANG_WARN_DOCUMENTATION_COMMENTS = YES;
				CLANG_WARN_EMPTY_BODY = YES;
				CLANG_WARN_ENUM_CONVERSION = YES;
				CLANG_WARN_INFINITE_RECURSION = YES;
				CLANG_WARN_INT_CONVERSION = YES;
				CLANG_WARN_NON_LITERAL_NULL_CONVERSION = YES;
				CLANG_WARN_OBJC_IMPLICIT_RETAIN_SELF = YES;
				CLANG_WARN_OBJC_LITERAL_CONVERSION = YES;
				CLANG_WARN_OBJC_ROOT_CLASS = YES_ERROR;
				CLANG_WARN_QUOTED_INCLUDE_IN_FRAMEWORK_HEADER = YES;
				CLANG_WARN_RANGE_LOOP_ANALYSIS = YES;
				CLANG_WARN_STRICT_PROTOTYPES = YES;
				CLANG_WARN_SUSPICIOUS_MOVE = YES;
				CLANG_WARN_UNGUARDED_AVAILABILITY = YES_AGGRESSIVE;
				CLANG_WARN_UNREACHABLE_CODE = YES;
				CLANG_WARN__DUPLICATE_METHOD_MATCH = YES;
				COPY_PHASE_STRIP = NO;
				DEBUG_INFORMATION_FORMAT = "dwarf-with-dsym";
				ENABLE_NS_ASSERTIONS = NO;
				ENABLE_STRICT_OBJC_MSGSEND = YES;
				GCC_C_LANGUAGE_STANDARD = gnu11;
				GCC_NO_COMMON_BLOCKS = YES;
				GCC_WARN_64_TO_32_BIT_CONVERSION = YES;
				GCC_WARN_ABOUT_RETURN_TYPE = YES_ERROR;
				GCC_WARN_UNDECLARED_SELECTOR = YES;
				GCC_WARN_UNINITIALIZED_AUTOS = YES_AGGRESSIVE;
				GCC_WARN_UNUSED_FUNCTION = YES;
				GCC_WARN_UNUSED_VARIABLE = YES;
				MACOSX_DEPLOYMENT_TARGET = 12.0;
				MTL_ENABLE_DEBUG_INFO = NO;
				MTL_FAST_MATH = YES;
				SDKROOT = macosx;
				SWIFT_COMPILATION_MODE = wholemodule;
				SWIFT_OPTIMIZATION_LEVEL = "-O";
			};
			name = Release;
		};
		7DDEE4B7271AD94E00892378 /* Debug */ = {
			isa = XCBuildConfiguration;
			buildSettings = {
				CODE_SIGN_IDENTITY = "Apple Development";
				CODE_SIGN_STYLE = Automatic;
				DEVELOPMENT_TEAM = 3NWMYS8K45;
				ENABLE_HARDENED_RUNTIME = YES;
				PRODUCT_NAME = "$(TARGET_NAME)";
				SWIFT_VERSION = 5.0;
			};
			name = Debug;
		};
		7DDEE4B8271AD94E00892378 /* Release */ = {
			isa = XCBuildConfiguration;
			buildSettings = {
				CODE_SIGN_IDENTITY = "Apple Development";
				CODE_SIGN_STYLE = Automatic;
				DEVELOPMENT_TEAM = 3NWMYS8K45;
				ENABLE_HARDENED_RUNTIME = YES;
				PRODUCT_NAME = "$(TARGET_NAME)";
				SWIFT_VERSION = 5.0;
			};
			name = Release;
		};
		7DEAD389273297D3008F0259 /* Debug */ = {
			isa = XCBuildConfiguration;
			buildSettings = {
				CODE_SIGN_STYLE = Automatic;
				COMBINE_HIDPI_IMAGES = YES;
				CURRENT_PROJECT_VERSION = 1;
				DEFINES_MODULE = YES;
				DEVELOPMENT_TEAM = 3NWMYS8K45;
				DYLIB_COMPATIBILITY_VERSION = 1;
				DYLIB_CURRENT_VERSION = 1;
				DYLIB_INSTALL_NAME_BASE = "@rpath";
				GENERATE_INFOPLIST_FILE = YES;
				INFOPLIST_KEY_NSHumanReadableCopyright = "";
				INSTALL_PATH = "$(LOCAL_LIBRARY_DIR)/Frameworks";
				LD_RUNPATH_SEARCH_PATHS = (
					"$(inherited)",
					"@executable_path/../Frameworks",
					"@loader_path/Frameworks",
				);
				MARKETING_VERSION = 1.0;
				PRODUCT_BUNDLE_IDENTIFIER = com.alexandrKotlyarov.Winter;
				PRODUCT_NAME = "$(TARGET_NAME:c99extidentifier)";
				SKIP_INSTALL = YES;
				SWIFT_EMIT_LOC_STRINGS = YES;
				SWIFT_VERSION = 5.0;
				VERSIONING_SYSTEM = "apple-generic";
				VERSION_INFO_PREFIX = "";
			};
			name = Debug;
		};
		7DEAD38A273297D3008F0259 /* Release */ = {
			isa = XCBuildConfiguration;
			buildSettings = {
				CODE_SIGN_STYLE = Automatic;
				COMBINE_HIDPI_IMAGES = YES;
				CURRENT_PROJECT_VERSION = 1;
				DEFINES_MODULE = YES;
				DEVELOPMENT_TEAM = 3NWMYS8K45;
				DYLIB_COMPATIBILITY_VERSION = 1;
				DYLIB_CURRENT_VERSION = 1;
				DYLIB_INSTALL_NAME_BASE = "@rpath";
				GENERATE_INFOPLIST_FILE = YES;
				INFOPLIST_KEY_NSHumanReadableCopyright = "";
				INSTALL_PATH = "$(LOCAL_LIBRARY_DIR)/Frameworks";
				LD_RUNPATH_SEARCH_PATHS = (
					"$(inherited)",
					"@executable_path/../Frameworks",
					"@loader_path/Frameworks",
				);
				MARKETING_VERSION = 1.0;
				PRODUCT_BUNDLE_IDENTIFIER = com.alexandrKotlyarov.Winter;
				PRODUCT_NAME = "$(TARGET_NAME:c99extidentifier)";
				SKIP_INSTALL = YES;
				SWIFT_EMIT_LOC_STRINGS = YES;
				SWIFT_VERSION = 5.0;
				VERSIONING_SYSTEM = "apple-generic";
				VERSION_INFO_PREFIX = "";
			};
			name = Release;
		};
		7DEAD3A02732A426008F0259 /* Debug */ = {
			isa = XCBuildConfiguration;
			buildSettings = {
				CODE_SIGN_STYLE = Automatic;
				COMBINE_HIDPI_IMAGES = YES;
				CURRENT_PROJECT_VERSION = 1;
				DEVELOPMENT_TEAM = 3NWMYS8K45;
				GENERATE_INFOPLIST_FILE = YES;
				LD_RUNPATH_SEARCH_PATHS = (
					"$(inherited)",
					"@executable_path/../Frameworks",
					"@loader_path/../Frameworks",
				);
				MARKETING_VERSION = 1.0;
				PRODUCT_BUNDLE_IDENTIFIER = com.alexandrKotlyarov.WinterTests;
				PRODUCT_NAME = "$(TARGET_NAME)";
				SWIFT_EMIT_LOC_STRINGS = NO;
				SWIFT_VERSION = 5.0;
			};
			name = Debug;
		};
		7DEAD3A12732A426008F0259 /* Release */ = {
			isa = XCBuildConfiguration;
			buildSettings = {
				CODE_SIGN_STYLE = Automatic;
				COMBINE_HIDPI_IMAGES = YES;
				CURRENT_PROJECT_VERSION = 1;
				DEVELOPMENT_TEAM = 3NWMYS8K45;
				GENERATE_INFOPLIST_FILE = YES;
				LD_RUNPATH_SEARCH_PATHS = (
					"$(inherited)",
					"@executable_path/../Frameworks",
					"@loader_path/../Frameworks",
				);
				MARKETING_VERSION = 1.0;
				PRODUCT_BUNDLE_IDENTIFIER = com.alexandrKotlyarov.WinterTests;
				PRODUCT_NAME = "$(TARGET_NAME)";
				SWIFT_EMIT_LOC_STRINGS = NO;
				SWIFT_VERSION = 5.0;
			};
			name = Release;
		};
/* End XCBuildConfiguration section */

/* Begin XCConfigurationList section */
		7DDEE4AA271AD94E00892378 /* Build configuration list for PBXProject "compiler" */ = {
			isa = XCConfigurationList;
			buildConfigurations = (
				7DDEE4B4271AD94E00892378 /* Debug */,
				7DDEE4B5271AD94E00892378 /* Release */,
			);
			defaultConfigurationIsVisible = 0;
			defaultConfigurationName = Debug;
		};
		7DDEE4B6271AD94E00892378 /* Build configuration list for PBXNativeTarget "CommandRun" */ = {
			isa = XCConfigurationList;
			buildConfigurations = (
				7DDEE4B7271AD94E00892378 /* Debug */,
				7DDEE4B8271AD94E00892378 /* Release */,
			);
			defaultConfigurationIsVisible = 0;
			defaultConfigurationName = Debug;
		};
		7DEAD388273297D3008F0259 /* Build configuration list for PBXNativeTarget "Winter" */ = {
			isa = XCConfigurationList;
			buildConfigurations = (
				7DEAD389273297D3008F0259 /* Debug */,
				7DEAD38A273297D3008F0259 /* Release */,
			);
			defaultConfigurationIsVisible = 0;
			defaultConfigurationName = Debug;
		};
		7DEAD39F2732A426008F0259 /* Build configuration list for PBXNativeTarget "WinterTests" */ = {
			isa = XCConfigurationList;
			buildConfigurations = (
				7DEAD3A02732A426008F0259 /* Debug */,
				7DEAD3A12732A426008F0259 /* Release */,
			);
			defaultConfigurationIsVisible = 0;
			defaultConfigurationName = Debug;
		};
/* End XCConfigurationList section */
	};
	rootObject = 7DDEE4A7271AD94E00892378 /* Project object */;
}
